
Microsoft Visual Studio Solution File, Format Version 12.00
# Visual Studio Version 17
VisualStudioVersion = 17.11.34909.67
MinimumVisualStudioVersion = 10.0.40219.1
Project("{F184B08F-C81C-45F6-A57F-5ABD9991F28F}") = "ELSSamples", "ELSSamples.vbproj", "{A5B41CCB-A5AE-46CD-A49B-847677402DB2}"
	ProjectSection(ProjectDependencies) = postProject
		{36D015EC-55C8-4AD5-B458-26923A731843} = {36D015EC-55C8-4AD5-B458-26923A731843}
		{E2B35F5D-7460-4CA5-9E52-497A03F4FB4F} = {E2B35F5D-7460-4CA5-9E52-497A03F4FB4F}
	EndProjectSection
EndProject
Project("{9A19103F-16F7-4668-BE54-9A1E7A4F7556}") = "Core", "..\..\..\..\Current\Windows API CodePack\Components\Core\Core.csproj", "{E2B35F5D-7460-4CA5-9E52-497A03F4FB4F}"
EndProject
Project("{9A19103F-16F7-4668-BE54-9A1E7A4F7556}") = "ExtendedLinguisticServices", "..\..\..\..\Current\Windows API CodePack\Components\ExtendedLinguisticServices\ExtendedLinguisticServices.csproj", "{36D015EC-55C8-4AD5-B458-26923A731843}"
EndProject
Global
	GlobalSection(SolutionConfigurationPlatforms) = preSolution
		Debug|Any CPU = Debug|Any CPU
		Release|Any CPU = Release|Any CPU
	EndGlobalSection
	GlobalSection(ProjectConfigurationPlatforms) = postSolution
		{A5B41CCB-A5AE-46CD-A49B-847677402DB2}.Debug|Any CPU.ActiveCfg = Debug|Any CPU
		{A5B41CCB-A5AE-46CD-A49B-847677402DB2}.Debug|Any CPU.Build.0 = Debug|Any CPU
		{A5B41CCB-A5AE-46CD-A49B-847677402DB2}.Release|Any CPU.ActiveCfg = Release|Any CPU
		{A5B41CCB-A5AE-46CD-A49B-847677402DB2}.Release|Any CPU.Build.0 = Release|Any CPU
		{E2B35F5D-7460-4CA5-9E52-497A03F4FB4F}.Debug|Any CPU.ActiveCfg = Debug|Any CPU
		{E2B35F5D-7460-4CA5-9E52-497A03F4FB4F}.Debug|Any CPU.Build.0 = Debug|Any CPU
		{E2B35F5D-7460-4CA5-9E52-497A03F4FB4F}.Release|Any CPU.ActiveCfg = Release|Any CPU
		{E2B35F5D-7460-4CA5-9E52-497A03F4FB4F}.Release|Any CPU.Build.0 = Release|Any CPU
		{36D015EC-55C8-4AD5-B458-26923A731843}.Debug|Any CPU.ActiveCfg = Debug|Any CPU
		{36D015EC-55C8-4AD5-B458-26923A731843}.Debug|Any CPU.Build.0 = Debug|Any CPU
		{36D015EC-55C8-4AD5-B458-26923A731843}.Release|Any CPU.ActiveCfg = Release|Any CPU
		{36D015EC-55C8-4AD5-B458-26923A731843}.Release|Any CPU.Build.0 = Release|Any CPU
	EndGlobalSection
	GlobalSection(SolutionProperties) = preSolution
		HideSolutionNode = FALSE
	EndGlobalSection
	GlobalSection(ExtensibilityGlobals) = postSolution
		SolutionGuid = {28F5F66D-3A0C-485A-9B07-F512C8CC1E97}
	EndGlobalSection
EndGlobal
