
Microsoft Visual Studio Solution File, Format Version 12.00
# Visual Studio Version 17
VisualStudioVersion = 17.5.33103.201
MinimumVisualStudioVersion = 10.0.40219.1
Project("{9A19103F-16F7-4668-BE54-9A1E7A4F7556}") = "ExtendedLinguisticServices", "ExtendedLinguisticServices\ExtendedLinguisticServices.csproj", "{54ED53D3-419F-40F3-8502-4FC507EE36DC}"
EndProject
Project("{9A19103F-16F7-4668-BE54-9A1E7A4F7556}") = "Core", "Core\Core.csproj", "{BD817BCA-83E4-4425-9FEE-573E75962B6F}"
EndProject
Project("{9A19103F-16F7-4668-BE54-9A1E7A4F7556}") = "Sensors", "Sensors\Sensors.csproj", "{F026A12E-2A20-45B7-9319-297616CDB9D2}"
EndProject
Project("{FAE04EC0-301F-11D3-BF4B-00C04F79EFBC}") = "Shell", "Shell\Shell.csproj", "{7862DAB7-69FD-4E38-BA0B-266E194C42A8}"
EndProject
Project("{FAE04EC0-301F-11D3-BF4B-00C04F79EFBC}") = "ShellExtensions", "ShellExtensions\ShellExtensions.csproj", "{C11E5897-A92C-4FEC-855E-0D7731F3CD4E}"
EndProject
Global
	GlobalSection(SolutionConfigurationPlatforms) = preSolution
		Debug|Any CPU = Debug|Any CPU
		Release|Any CPU = Release|Any CPU
	EndGlobalSection
	GlobalSection(ProjectConfigurationPlatforms) = postSolution
		{54ED53D3-419F-40F3-8502-4FC507EE36DC}.Debug|Any CPU.ActiveCfg = Debug|Any CPU
		{54ED53D3-419F-40F3-8502-4FC507EE36DC}.Debug|Any CPU.Build.0 = Debug|Any CPU
		{54ED53D3-419F-40F3-8502-4FC507EE36DC}.Release|Any CPU.ActiveCfg = Release|Any CPU
		{54ED53D3-419F-40F3-8502-4FC507EE36DC}.Release|Any CPU.Build.0 = Release|Any CPU
		{BD817BCA-83E4-4425-9FEE-573E75962B6F}.Debug|Any CPU.ActiveCfg = Debug|Any CPU
		{BD817BCA-83E4-4425-9FEE-573E75962B6F}.Debug|Any CPU.Build.0 = Debug|Any CPU
		{BD817BCA-83E4-4425-9FEE-573E75962B6F}.Release|Any CPU.ActiveCfg = Release|Any CPU
		{BD817BCA-83E4-4425-9FEE-573E75962B6F}.Release|Any CPU.Build.0 = Release|Any CPU
		{F026A12E-2A20-45B7-9319-297616CDB9D2}.Debug|Any CPU.ActiveCfg = Debug|Any CPU
		{F026A12E-2A20-45B7-9319-297616CDB9D2}.Debug|Any CPU.Build.0 = Debug|Any CPU
		{F026A12E-2A20-45B7-9319-297616CDB9D2}.Release|Any CPU.ActiveCfg = Release|Any CPU
		{F026A12E-2A20-45B7-9319-297616CDB9D2}.Release|Any CPU.Build.0 = Release|Any CPU
		{7862DAB7-69FD-4E38-BA0B-266E194C42A8}.Debug|Any CPU.ActiveCfg = Debug|Any CPU
		{7862DAB7-69FD-4E38-BA0B-266E194C42A8}.Debug|Any CPU.Build.0 = Debug|Any CPU
		{7862DAB7-69FD-4E38-BA0B-266E194C42A8}.Release|Any CPU.ActiveCfg = Release|Any CPU
		{7862DAB7-69FD-4E38-BA0B-266E194C42A8}.Release|Any CPU.Build.0 = Release|Any CPU
		{C11E5897-A92C-4FEC-855E-0D7731F3CD4E}.Debug|Any CPU.ActiveCfg = Debug|Any CPU
		{C11E5897-A92C-4FEC-855E-0D7731F3CD4E}.Debug|Any CPU.Build.0 = Debug|Any CPU
		{C11E5897-A92C-4FEC-855E-0D7731F3CD4E}.Release|Any CPU.ActiveCfg = Release|Any CPU
		{C11E5897-A92C-4FEC-855E-0D7731F3CD4E}.Release|Any CPU.Build.0 = Release|Any CPU
	EndGlobalSection
	GlobalSection(SolutionProperties) = preSolution
		HideSolutionNode = FALSE
	EndGlobalSection
	GlobalSection(ExtensibilityGlobals) = postSolution
		SolutionGuid = {25835AC2-6153-4CC4-BFF9-6774918B1FF0}
	EndGlobalSection
EndGlobal
