
Microsoft Visual Studio Solution File, Format Version 12.00
# Visual Studio Version 17
VisualStudioVersion = 17.4.33403.182
MinimumVisualStudioVersion = 10.0.40219.1
Project("{9A19103F-16F7-4668-BE54-9A1E7A4F7556}") = "Core", "..\..\Working\Windows API CodePack\Core\Core.csproj", "{7B033BDD-2934-4E4B-B6FA-EF7F7BC6B01C}"
EndProject
Project("{8BC9CEB8-8B4A-11D0-8D11-00A0C91BC942}") = "Microsoft.WindowsAPICodePack.DirectX", "..\..\Working\Windows API CodePack\DirectX\DirectX.vcxproj", "{446B1E21-65A1-4F56-AA2C-D2E24058B2B8}"
EndProject
Project("{9A19103F-16F7-4668-BE54-9A1E7A4F7556}") = "ExtendedLinguisticServices", "..\..\Working\Windows API CodePack\ExtendedLinguisticServices\ExtendedLinguisticServices.csproj", "{818ADCBA-6367-4969-A94A-20B8C04919A0}"
EndProject
Project("{9A19103F-16F7-4668-BE54-9A1E7A4F7556}") = "Sensors", "..\..\Working\Windows API CodePack\Sensors\Sensors.csproj", "{0D4BBD08-B77B-4F1D-BF78-C98D52530E49}"
EndProject
Project("{9A19103F-16F7-4668-BE54-9A1E7A4F7556}") = "Shell", "..\..\Working\Windows API CodePack\Shell\Shell.csproj", "{086198FA-66DD-422F-9CD4-8C583BEEE00D}"
EndProject
Project("{9A19103F-16F7-4668-BE54-9A1E7A4F7556}") = "ShellExtensions", "..\..\Working\Windows API CodePack\ShellExtensions\ShellExtensions.csproj", "{6775FD70-3974-470F-B98F-09028BA8D41F}"
EndProject
Project("{2150E333-8FDC-42A3-9474-1A3956D46DE8}") = "Solution Items", "Solution Items", "{38C90087-8565-4EB6-BFC1-76748FA6084B}"
	ProjectSection(SolutionItems) = preProject
		Directory.Build.props = Directory.Build.props
		..\..\..\Directory.Build.props = ..\..\..\Directory.Build.props
		Directory.Build.targets = Directory.Build.targets
	EndProjectSection
EndProject
Global
	GlobalSection(SolutionConfigurationPlatforms) = preSolution
		Debug with FxCop|Any CPU = Debug with FxCop|Any CPU
		Debug with FxCop|x64 = Debug with FxCop|x64
		Debug with FxCop|x86 = Debug with FxCop|x86
		Debug|Any CPU = Debug|Any CPU
		Debug|x64 = Debug|x64
		Debug|x86 = Debug|x86
		Release with FxCop|Any CPU = Release with FxCop|Any CPU
		Release with FxCop|x64 = Release with FxCop|x64
		Release with FxCop|x86 = Release with FxCop|x86
		Release|Any CPU = Release|Any CPU
		Release|x64 = Release|x64
		Release|x86 = Release|x86
	EndGlobalSection
	GlobalSection(ProjectConfigurationPlatforms) = postSolution
		{7B033BDD-2934-4E4B-B6FA-EF7F7BC6B01C}.Debug with FxCop|Any CPU.ActiveCfg = Debug|Any CPU
		{7B033BDD-2934-4E4B-B6FA-EF7F7BC6B01C}.Debug with FxCop|Any CPU.Build.0 = Debug|Any CPU
		{7B033BDD-2934-4E4B-B6FA-EF7F7BC6B01C}.Debug with FxCop|x64.ActiveCfg = Debug|Any CPU
		{7B033BDD-2934-4E4B-B6FA-EF7F7BC6B01C}.Debug with FxCop|x64.Build.0 = Debug|Any CPU
		{7B033BDD-2934-4E4B-B6FA-EF7F7BC6B01C}.Debug with FxCop|x86.ActiveCfg = Debug|Any CPU
		{7B033BDD-2934-4E4B-B6FA-EF7F7BC6B01C}.Debug with FxCop|x86.Build.0 = Debug|Any CPU
		{7B033BDD-2934-4E4B-B6FA-EF7F7BC6B01C}.Debug|Any CPU.ActiveCfg = Debug|Any CPU
		{7B033BDD-2934-4E4B-B6FA-EF7F7BC6B01C}.Debug|Any CPU.Build.0 = Debug|Any CPU
		{7B033BDD-2934-4E4B-B6FA-EF7F7BC6B01C}.Debug|x64.ActiveCfg = Debug|Any CPU
		{7B033BDD-2934-4E4B-B6FA-EF7F7BC6B01C}.Debug|x64.Build.0 = Debug|Any CPU
		{7B033BDD-2934-4E4B-B6FA-EF7F7BC6B01C}.Debug|x86.ActiveCfg = Debug|Any CPU
		{7B033BDD-2934-4E4B-B6FA-EF7F7BC6B01C}.Debug|x86.Build.0 = Debug|Any CPU
		{7B033BDD-2934-4E4B-B6FA-EF7F7BC6B01C}.Release with FxCop|Any CPU.ActiveCfg = Release|Any CPU
		{7B033BDD-2934-4E4B-B6FA-EF7F7BC6B01C}.Release with FxCop|Any CPU.Build.0 = Release|Any CPU
		{7B033BDD-2934-4E4B-B6FA-EF7F7BC6B01C}.Release with FxCop|x64.ActiveCfg = Release|Any CPU
		{7B033BDD-2934-4E4B-B6FA-EF7F7BC6B01C}.Release with FxCop|x64.Build.0 = Release|Any CPU
		{7B033BDD-2934-4E4B-B6FA-EF7F7BC6B01C}.Release with FxCop|x86.ActiveCfg = Release|Any CPU
		{7B033BDD-2934-4E4B-B6FA-EF7F7BC6B01C}.Release with FxCop|x86.Build.0 = Release|Any CPU
		{7B033BDD-2934-4E4B-B6FA-EF7F7BC6B01C}.Release|Any CPU.ActiveCfg = Release|Any CPU
		{7B033BDD-2934-4E4B-B6FA-EF7F7BC6B01C}.Release|Any CPU.Build.0 = Release|Any CPU
		{7B033BDD-2934-4E4B-B6FA-EF7F7BC6B01C}.Release|x64.ActiveCfg = Release|Any CPU
		{7B033BDD-2934-4E4B-B6FA-EF7F7BC6B01C}.Release|x64.Build.0 = Release|Any CPU
		{7B033BDD-2934-4E4B-B6FA-EF7F7BC6B01C}.Release|x86.ActiveCfg = Release|Any CPU
		{7B033BDD-2934-4E4B-B6FA-EF7F7BC6B01C}.Release|x86.Build.0 = Release|Any CPU
		{446B1E21-65A1-4F56-AA2C-D2E24058B2B8}.Debug with FxCop|Any CPU.ActiveCfg = Debug with FxCop|x64
		{446B1E21-65A1-4F56-AA2C-D2E24058B2B8}.Debug with FxCop|Any CPU.Build.0 = Debug with FxCop|x64
		{446B1E21-65A1-4F56-AA2C-D2E24058B2B8}.Debug with FxCop|x64.ActiveCfg = Debug with FxCop|x64
		{446B1E21-65A1-4F56-AA2C-D2E24058B2B8}.Debug with FxCop|x64.Build.0 = Debug with FxCop|x64
		{446B1E21-65A1-4F56-AA2C-D2E24058B2B8}.Debug with FxCop|x86.ActiveCfg = Debug with FxCop|Win32
		{446B1E21-65A1-4F56-AA2C-D2E24058B2B8}.Debug with FxCop|x86.Build.0 = Debug with FxCop|Win32
		{446B1E21-65A1-4F56-AA2C-D2E24058B2B8}.Debug|Any CPU.ActiveCfg = Debug|x64
		{446B1E21-65A1-4F56-AA2C-D2E24058B2B8}.Debug|Any CPU.Build.0 = Debug|x64
		{446B1E21-65A1-4F56-AA2C-D2E24058B2B8}.Debug|x64.ActiveCfg = Debug|x64
		{446B1E21-65A1-4F56-AA2C-D2E24058B2B8}.Debug|x64.Build.0 = Debug|x64
		{446B1E21-65A1-4F56-AA2C-D2E24058B2B8}.Debug|x86.ActiveCfg = Debug|Win32
		{446B1E21-65A1-4F56-AA2C-D2E24058B2B8}.Debug|x86.Build.0 = Debug|Win32
		{446B1E21-65A1-4F56-AA2C-D2E24058B2B8}.Release with FxCop|Any CPU.ActiveCfg = Release with FxCop|x64
		{446B1E21-65A1-4F56-AA2C-D2E24058B2B8}.Release with FxCop|Any CPU.Build.0 = Release with FxCop|x64
		{446B1E21-65A1-4F56-AA2C-D2E24058B2B8}.Release with FxCop|x64.ActiveCfg = Release with FxCop|x64
		{446B1E21-65A1-4F56-AA2C-D2E24058B2B8}.Release with FxCop|x64.Build.0 = Release with FxCop|x64
		{446B1E21-65A1-4F56-AA2C-D2E24058B2B8}.Release with FxCop|x86.ActiveCfg = Release with FxCop|Win32
		{446B1E21-65A1-4F56-AA2C-D2E24058B2B8}.Release with FxCop|x86.Build.0 = Release with FxCop|Win32
		{446B1E21-65A1-4F56-AA2C-D2E24058B2B8}.Release|Any CPU.ActiveCfg = Release|x64
		{446B1E21-65A1-4F56-AA2C-D2E24058B2B8}.Release|Any CPU.Build.0 = Release|x64
		{446B1E21-65A1-4F56-AA2C-D2E24058B2B8}.Release|x64.ActiveCfg = Release|x64
		{446B1E21-65A1-4F56-AA2C-D2E24058B2B8}.Release|x64.Build.0 = Release|x64
		{446B1E21-65A1-4F56-AA2C-D2E24058B2B8}.Release|x86.ActiveCfg = Release|Win32
		{446B1E21-65A1-4F56-AA2C-D2E24058B2B8}.Release|x86.Build.0 = Release|Win32
		{818ADCBA-6367-4969-A94A-20B8C04919A0}.Debug with FxCop|Any CPU.ActiveCfg = Debug|Any CPU
		{818ADCBA-6367-4969-A94A-20B8C04919A0}.Debug with FxCop|Any CPU.Build.0 = Debug|Any CPU
		{818ADCBA-6367-4969-A94A-20B8C04919A0}.Debug with FxCop|x64.ActiveCfg = Debug|Any CPU
		{818ADCBA-6367-4969-A94A-20B8C04919A0}.Debug with FxCop|x64.Build.0 = Debug|Any CPU
		{818ADCBA-6367-4969-A94A-20B8C04919A0}.Debug with FxCop|x86.ActiveCfg = Debug|Any CPU
		{818ADCBA-6367-4969-A94A-20B8C04919A0}.Debug with FxCop|x86.Build.0 = Debug|Any CPU
		{818ADCBA-6367-4969-A94A-20B8C04919A0}.Debug|Any CPU.ActiveCfg = Debug|Any CPU
		{818ADCBA-6367-4969-A94A-20B8C04919A0}.Debug|Any CPU.Build.0 = Debug|Any CPU
		{818ADCBA-6367-4969-A94A-20B8C04919A0}.Debug|x64.ActiveCfg = Debug|Any CPU
		{818ADCBA-6367-4969-A94A-20B8C04919A0}.Debug|x64.Build.0 = Debug|Any CPU
		{818ADCBA-6367-4969-A94A-20B8C04919A0}.Debug|x86.ActiveCfg = Debug|Any CPU
		{818ADCBA-6367-4969-A94A-20B8C04919A0}.Debug|x86.Build.0 = Debug|Any CPU
		{818ADCBA-6367-4969-A94A-20B8C04919A0}.Release with FxCop|Any CPU.ActiveCfg = Release|Any CPU
		{818ADCBA-6367-4969-A94A-20B8C04919A0}.Release with FxCop|Any CPU.Build.0 = Release|Any CPU
		{818ADCBA-6367-4969-A94A-20B8C04919A0}.Release with FxCop|x64.ActiveCfg = Release|Any CPU
		{818ADCBA-6367-4969-A94A-20B8C04919A0}.Release with FxCop|x64.Build.0 = Release|Any CPU
		{818ADCBA-6367-4969-A94A-20B8C04919A0}.Release with FxCop|x86.ActiveCfg = Release|Any CPU
		{818ADCBA-6367-4969-A94A-20B8C04919A0}.Release with FxCop|x86.Build.0 = Release|Any CPU
		{818ADCBA-6367-4969-A94A-20B8C04919A0}.Release|Any CPU.ActiveCfg = Release|Any CPU
		{818ADCBA-6367-4969-A94A-20B8C04919A0}.Release|Any CPU.Build.0 = Release|Any CPU
		{818ADCBA-6367-4969-A94A-20B8C04919A0}.Release|x64.ActiveCfg = Release|Any CPU
		{818ADCBA-6367-4969-A94A-20B8C04919A0}.Release|x64.Build.0 = Release|Any CPU
		{818ADCBA-6367-4969-A94A-20B8C04919A0}.Release|x86.ActiveCfg = Release|Any CPU
		{818ADCBA-6367-4969-A94A-20B8C04919A0}.Release|x86.Build.0 = Release|Any CPU
		{0D4BBD08-B77B-4F1D-BF78-C98D52530E49}.Debug with FxCop|Any CPU.ActiveCfg = Debug|Any CPU
		{0D4BBD08-B77B-4F1D-BF78-C98D52530E49}.Debug with FxCop|Any CPU.Build.0 = Debug|Any CPU
		{0D4BBD08-B77B-4F1D-BF78-C98D52530E49}.Debug with FxCop|x64.ActiveCfg = Debug|Any CPU
		{0D4BBD08-B77B-4F1D-BF78-C98D52530E49}.Debug with FxCop|x64.Build.0 = Debug|Any CPU
		{0D4BBD08-B77B-4F1D-BF78-C98D52530E49}.Debug with FxCop|x86.ActiveCfg = Debug|Any CPU
		{0D4BBD08-B77B-4F1D-BF78-C98D52530E49}.Debug with FxCop|x86.Build.0 = Debug|Any CPU
		{0D4BBD08-B77B-4F1D-BF78-C98D52530E49}.Debug|Any CPU.ActiveCfg = Debug|Any CPU
		{0D4BBD08-B77B-4F1D-BF78-C98D52530E49}.Debug|Any CPU.Build.0 = Debug|Any CPU
		{0D4BBD08-B77B-4F1D-BF78-C98D52530E49}.Debug|x64.ActiveCfg = Debug|Any CPU
		{0D4BBD08-B77B-4F1D-BF78-C98D52530E49}.Debug|x64.Build.0 = Debug|Any CPU
		{0D4BBD08-B77B-4F1D-BF78-C98D52530E49}.Debug|x86.ActiveCfg = Debug|Any CPU
		{0D4BBD08-B77B-4F1D-BF78-C98D52530E49}.Debug|x86.Build.0 = Debug|Any CPU
		{0D4BBD08-B77B-4F1D-BF78-C98D52530E49}.Release with FxCop|Any CPU.ActiveCfg = Release|Any CPU
		{0D4BBD08-B77B-4F1D-BF78-C98D52530E49}.Release with FxCop|Any CPU.Build.0 = Release|Any CPU
		{0D4BBD08-B77B-4F1D-BF78-C98D52530E49}.Release with FxCop|x64.ActiveCfg = Release|Any CPU
		{0D4BBD08-B77B-4F1D-BF78-C98D52530E49}.Release with FxCop|x64.Build.0 = Release|Any CPU
		{0D4BBD08-B77B-4F1D-BF78-C98D52530E49}.Release with FxCop|x86.ActiveCfg = Release|Any CPU
		{0D4BBD08-B77B-4F1D-BF78-C98D52530E49}.Release with FxCop|x86.Build.0 = Release|Any CPU
		{0D4BBD08-B77B-4F1D-BF78-C98D52530E49}.Release|Any CPU.ActiveCfg = Release|Any CPU
		{0D4BBD08-B77B-4F1D-BF78-C98D52530E49}.Release|Any CPU.Build.0 = Release|Any CPU
		{0D4BBD08-B77B-4F1D-BF78-C98D52530E49}.Release|x64.ActiveCfg = Release|Any CPU
		{0D4BBD08-B77B-4F1D-BF78-C98D52530E49}.Release|x64.Build.0 = Release|Any CPU
		{0D4BBD08-B77B-4F1D-BF78-C98D52530E49}.Release|x86.ActiveCfg = Release|Any CPU
		{0D4BBD08-B77B-4F1D-BF78-C98D52530E49}.Release|x86.Build.0 = Release|Any CPU
		{086198FA-66DD-422F-9CD4-8C583BEEE00D}.Debug with FxCop|Any CPU.ActiveCfg = Debug|Any CPU
		{086198FA-66DD-422F-9CD4-8C583BEEE00D}.Debug with FxCop|Any CPU.Build.0 = Debug|Any CPU
		{086198FA-66DD-422F-9CD4-8C583BEEE00D}.Debug with FxCop|x64.ActiveCfg = Debug|Any CPU
		{086198FA-66DD-422F-9CD4-8C583BEEE00D}.Debug with FxCop|x64.Build.0 = Debug|Any CPU
		{086198FA-66DD-422F-9CD4-8C583BEEE00D}.Debug with FxCop|x86.ActiveCfg = Debug|Any CPU
		{086198FA-66DD-422F-9CD4-8C583BEEE00D}.Debug with FxCop|x86.Build.0 = Debug|Any CPU
		{086198FA-66DD-422F-9CD4-8C583BEEE00D}.Debug|Any CPU.ActiveCfg = Debug|Any CPU
		{086198FA-66DD-422F-9CD4-8C583BEEE00D}.Debug|Any CPU.Build.0 = Debug|Any CPU
		{086198FA-66DD-422F-9CD4-8C583BEEE00D}.Debug|x64.ActiveCfg = Debug|Any CPU
		{086198FA-66DD-422F-9CD4-8C583BEEE00D}.Debug|x64.Build.0 = Debug|Any CPU
		{086198FA-66DD-422F-9CD4-8C583BEEE00D}.Debug|x86.ActiveCfg = Debug|Any CPU
		{086198FA-66DD-422F-9CD4-8C583BEEE00D}.Debug|x86.Build.0 = Debug|Any CPU
		{086198FA-66DD-422F-9CD4-8C583BEEE00D}.Release with FxCop|Any CPU.ActiveCfg = Release|Any CPU
		{086198FA-66DD-422F-9CD4-8C583BEEE00D}.Release with FxCop|Any CPU.Build.0 = Release|Any CPU
		{086198FA-66DD-422F-9CD4-8C583BEEE00D}.Release with FxCop|x64.ActiveCfg = Release|Any CPU
		{086198FA-66DD-422F-9CD4-8C583BEEE00D}.Release with FxCop|x64.Build.0 = Release|Any CPU
		{086198FA-66DD-422F-9CD4-8C583BEEE00D}.Release with FxCop|x86.ActiveCfg = Release|Any CPU
		{086198FA-66DD-422F-9CD4-8C583BEEE00D}.Release with FxCop|x86.Build.0 = Release|Any CPU
		{086198FA-66DD-422F-9CD4-8C583BEEE00D}.Release|Any CPU.ActiveCfg = Release|Any CPU
		{086198FA-66DD-422F-9CD4-8C583BEEE00D}.Release|Any CPU.Build.0 = Release|Any CPU
		{086198FA-66DD-422F-9CD4-8C583BEEE00D}.Release|x64.ActiveCfg = Release|Any CPU
		{086198FA-66DD-422F-9CD4-8C583BEEE00D}.Release|x64.Build.0 = Release|Any CPU
		{086198FA-66DD-422F-9CD4-8C583BEEE00D}.Release|x86.ActiveCfg = Release|Any CPU
		{086198FA-66DD-422F-9CD4-8C583BEEE00D}.Release|x86.Build.0 = Release|Any CPU
		{6775FD70-3974-470F-B98F-09028BA8D41F}.Debug with FxCop|Any CPU.ActiveCfg = Debug|Any CPU
		{6775FD70-3974-470F-B98F-09028BA8D41F}.Debug with FxCop|Any CPU.Build.0 = Debug|Any CPU
		{6775FD70-3974-470F-B98F-09028BA8D41F}.Debug with FxCop|x64.ActiveCfg = Debug|Any CPU
		{6775FD70-3974-470F-B98F-09028BA8D41F}.Debug with FxCop|x64.Build.0 = Debug|Any CPU
		{6775FD70-3974-470F-B98F-09028BA8D41F}.Debug with FxCop|x86.ActiveCfg = Debug|Any CPU
		{6775FD70-3974-470F-B98F-09028BA8D41F}.Debug with FxCop|x86.Build.0 = Debug|Any CPU
		{6775FD70-3974-470F-B98F-09028BA8D41F}.Debug|Any CPU.ActiveCfg = Debug|Any CPU
		{6775FD70-3974-470F-B98F-09028BA8D41F}.Debug|Any CPU.Build.0 = Debug|Any CPU
		{6775FD70-3974-470F-B98F-09028BA8D41F}.Debug|x64.ActiveCfg = Debug|Any CPU
		{6775FD70-3974-470F-B98F-09028BA8D41F}.Debug|x64.Build.0 = Debug|Any CPU
		{6775FD70-3974-470F-B98F-09028BA8D41F}.Debug|x86.ActiveCfg = Debug|Any CPU
		{6775FD70-3974-470F-B98F-09028BA8D41F}.Debug|x86.Build.0 = Debug|Any CPU
		{6775FD70-3974-470F-B98F-09028BA8D41F}.Release with FxCop|Any CPU.ActiveCfg = Release|Any CPU
		{6775FD70-3974-470F-B98F-09028BA8D41F}.Release with FxCop|Any CPU.Build.0 = Release|Any CPU
		{6775FD70-3974-470F-B98F-09028BA8D41F}.Release with FxCop|x64.ActiveCfg = Release|Any CPU
		{6775FD70-3974-470F-B98F-09028BA8D41F}.Release with FxCop|x64.Build.0 = Release|Any CPU
		{6775FD70-3974-470F-B98F-09028BA8D41F}.Release with FxCop|x86.ActiveCfg = Release|Any CPU
		{6775FD70-3974-470F-B98F-09028BA8D41F}.Release with FxCop|x86.Build.0 = Release|Any CPU
		{6775FD70-3974-470F-B98F-09028BA8D41F}.Release|Any CPU.ActiveCfg = Release|Any CPU
		{6775FD70-3974-470F-B98F-09028BA8D41F}.Release|Any CPU.Build.0 = Release|Any CPU
		{6775FD70-3974-470F-B98F-09028BA8D41F}.Release|x64.ActiveCfg = Release|Any CPU
		{6775FD70-3974-470F-B98F-09028BA8D41F}.Release|x64.Build.0 = Release|Any CPU
		{6775FD70-3974-470F-B98F-09028BA8D41F}.Release|x86.ActiveCfg = Release|Any CPU
		{6775FD70-3974-470F-B98F-09028BA8D41F}.Release|x86.Build.0 = Release|Any CPU
	EndGlobalSection
	GlobalSection(SolutionProperties) = preSolution
		HideSolutionNode = FALSE
	EndGlobalSection
	GlobalSection(ExtensibilityGlobals) = postSolution
		SolutionGuid = {F91E091E-C11A-49D2-A1A8-826243FD72EF}
	EndGlobalSection
EndGlobal
