
Microsoft Visual Studio Solution File, Format Version 12.00
# Visual Studio Version 17
VisualStudioVersion = 17.4.33403.182
MinimumVisualStudioVersion = 10.0.40219.1
Project("{2150E333-8FDC-42A3-9474-1A3956D46DE8}") = "Solution Items", "Solution Items", "{38C90087-8565-4EB6-BFC1-76748FA6084B}"
	ProjectSection(SolutionItems) = preProject
		..\..\..\Changelog.md = ..\..\..\Changelog.md
		Directory.Build.props = Directory.Build.props
		..\..\..\Directory.Build.props = ..\..\..\Directory.Build.props
		Directory.Build.targets = Directory.Build.targets
	EndProjectSection
EndProject
Project("{9A19103F-16F7-4668-BE54-9A1E7A4F7556}") = "Core", "Core\Core.csproj", "{FDBC4057-1758-4ABD-9B62-BCA5A306BAEA}"
EndProject
Project("{9A19103F-16F7-4668-BE54-9A1E7A4F7556}") = "ExtendedLinguisticServices", "ExtendedLinguisticServices\ExtendedLinguisticServices.csproj", "{05333546-A31A-4820-90CC-D900E61ACEC9}"
EndProject
Project("{9A19103F-16F7-4668-BE54-9A1E7A4F7556}") = "Sensors", "Sensors\Sensors.csproj", "{3F63D498-3EDB-4B0D-9314-832C0CC01F01}"
EndProject
Project("{9A19103F-16F7-4668-BE54-9A1E7A4F7556}") = "Shell", "Shell\Shell.csproj", "{D1B336A1-558A-4231-80C1-CFE6D372A103}"
EndProject
Project("{9A19103F-16F7-4668-BE54-9A1E7A4F7556}") = "ShellExtensions", "ShellExtensions\ShellExtensions.csproj", "{5C380E35-D269-41F5-AA93-3A944E84208A}"
EndProject
Project("{8BC9CEB8-8B4A-11D0-8D11-00A0C91BC942}") = "DirectX", "DirectX\DirectX.vcxproj", "{3D749320-ED01-45FC-AFC8-28E4B640E406}"
EndProject
Global
	GlobalSection(SolutionConfigurationPlatforms) = preSolution
		Debug with FxCop|Any CPU = Debug with FxCop|Any CPU
		Debug with FxCop|x64 = Debug with FxCop|x64
		Debug with FxCop|x86 = Debug with FxCop|x86
		Debug|Any CPU = Debug|Any CPU
		Debug|x64 = Debug|x64
		Debug|x86 = Debug|x86
		Release with FxCop|Any CPU = Release with FxCop|Any CPU
		Release with FxCop|x64 = Release with FxCop|x64
		Release with FxCop|x86 = Release with FxCop|x86
		Release|Any CPU = Release|Any CPU
		Release|x64 = Release|x64
		Release|x86 = Release|x86
	EndGlobalSection
	GlobalSection(ProjectConfigurationPlatforms) = postSolution
		{FDBC4057-1758-4ABD-9B62-BCA5A306BAEA}.Debug with FxCop|Any CPU.ActiveCfg = Debug|Any CPU
		{FDBC4057-1758-4ABD-9B62-BCA5A306BAEA}.Debug with FxCop|Any CPU.Build.0 = Debug|Any CPU
		{FDBC4057-1758-4ABD-9B62-BCA5A306BAEA}.Debug with FxCop|x64.ActiveCfg = Debug|Any CPU
		{FDBC4057-1758-4ABD-9B62-BCA5A306BAEA}.Debug with FxCop|x64.Build.0 = Debug|Any CPU
		{FDBC4057-1758-4ABD-9B62-BCA5A306BAEA}.Debug with FxCop|x86.ActiveCfg = Debug|Any CPU
		{FDBC4057-1758-4ABD-9B62-BCA5A306BAEA}.Debug with FxCop|x86.Build.0 = Debug|Any CPU
		{FDBC4057-1758-4ABD-9B62-BCA5A306BAEA}.Debug|Any CPU.ActiveCfg = Debug|Any CPU
		{FDBC4057-1758-4ABD-9B62-BCA5A306BAEA}.Debug|Any CPU.Build.0 = Debug|Any CPU
		{FDBC4057-1758-4ABD-9B62-BCA5A306BAEA}.Debug|x64.ActiveCfg = Debug|Any CPU
		{FDBC4057-1758-4ABD-9B62-BCA5A306BAEA}.Debug|x64.Build.0 = Debug|Any CPU
		{FDBC4057-1758-4ABD-9B62-BCA5A306BAEA}.Debug|x86.ActiveCfg = Debug|Any CPU
		{FDBC4057-1758-4ABD-9B62-BCA5A306BAEA}.Debug|x86.Build.0 = Debug|Any CPU
		{FDBC4057-1758-4ABD-9B62-BCA5A306BAEA}.Release with FxCop|Any CPU.ActiveCfg = Release|Any CPU
		{FDBC4057-1758-4ABD-9B62-BCA5A306BAEA}.Release with FxCop|Any CPU.Build.0 = Release|Any CPU
		{FDBC4057-1758-4ABD-9B62-BCA5A306BAEA}.Release with FxCop|x64.ActiveCfg = Release|Any CPU
		{FDBC4057-1758-4ABD-9B62-BCA5A306BAEA}.Release with FxCop|x64.Build.0 = Release|Any CPU
		{FDBC4057-1758-4ABD-9B62-BCA5A306BAEA}.Release with FxCop|x86.ActiveCfg = Release|Any CPU
		{FDBC4057-1758-4ABD-9B62-BCA5A306BAEA}.Release with FxCop|x86.Build.0 = Release|Any CPU
		{FDBC4057-1758-4ABD-9B62-BCA5A306BAEA}.Release|Any CPU.ActiveCfg = Release|Any CPU
		{FDBC4057-1758-4ABD-9B62-BCA5A306BAEA}.Release|Any CPU.Build.0 = Release|Any CPU
		{FDBC4057-1758-4ABD-9B62-BCA5A306BAEA}.Release|x64.ActiveCfg = Release|Any CPU
		{FDBC4057-1758-4ABD-9B62-BCA5A306BAEA}.Release|x64.Build.0 = Release|Any CPU
		{FDBC4057-1758-4ABD-9B62-BCA5A306BAEA}.Release|x86.ActiveCfg = Release|Any CPU
		{FDBC4057-1758-4ABD-9B62-BCA5A306BAEA}.Release|x86.Build.0 = Release|Any CPU
		{05333546-A31A-4820-90CC-D900E61ACEC9}.Debug with FxCop|Any CPU.ActiveCfg = Debug|Any CPU
		{05333546-A31A-4820-90CC-D900E61ACEC9}.Debug with FxCop|Any CPU.Build.0 = Debug|Any CPU
		{05333546-A31A-4820-90CC-D900E61ACEC9}.Debug with FxCop|x64.ActiveCfg = Debug|Any CPU
		{05333546-A31A-4820-90CC-D900E61ACEC9}.Debug with FxCop|x64.Build.0 = Debug|Any CPU
		{05333546-A31A-4820-90CC-D900E61ACEC9}.Debug with FxCop|x86.ActiveCfg = Debug|Any CPU
		{05333546-A31A-4820-90CC-D900E61ACEC9}.Debug with FxCop|x86.Build.0 = Debug|Any CPU
		{05333546-A31A-4820-90CC-D900E61ACEC9}.Debug|Any CPU.ActiveCfg = Debug|Any CPU
		{05333546-A31A-4820-90CC-D900E61ACEC9}.Debug|Any CPU.Build.0 = Debug|Any CPU
		{05333546-A31A-4820-90CC-D900E61ACEC9}.Debug|x64.ActiveCfg = Debug|Any CPU
		{05333546-A31A-4820-90CC-D900E61ACEC9}.Debug|x64.Build.0 = Debug|Any CPU
		{05333546-A31A-4820-90CC-D900E61ACEC9}.Debug|x86.ActiveCfg = Debug|Any CPU
		{05333546-A31A-4820-90CC-D900E61ACEC9}.Debug|x86.Build.0 = Debug|Any CPU
		{05333546-A31A-4820-90CC-D900E61ACEC9}.Release with FxCop|Any CPU.ActiveCfg = Release|Any CPU
		{05333546-A31A-4820-90CC-D900E61ACEC9}.Release with FxCop|Any CPU.Build.0 = Release|Any CPU
		{05333546-A31A-4820-90CC-D900E61ACEC9}.Release with FxCop|x64.ActiveCfg = Release|Any CPU
		{05333546-A31A-4820-90CC-D900E61ACEC9}.Release with FxCop|x64.Build.0 = Release|Any CPU
		{05333546-A31A-4820-90CC-D900E61ACEC9}.Release with FxCop|x86.ActiveCfg = Release|Any CPU
		{05333546-A31A-4820-90CC-D900E61ACEC9}.Release with FxCop|x86.Build.0 = Release|Any CPU
		{05333546-A31A-4820-90CC-D900E61ACEC9}.Release|Any CPU.ActiveCfg = Release|Any CPU
		{05333546-A31A-4820-90CC-D900E61ACEC9}.Release|Any CPU.Build.0 = Release|Any CPU
		{05333546-A31A-4820-90CC-D900E61ACEC9}.Release|x64.ActiveCfg = Release|Any CPU
		{05333546-A31A-4820-90CC-D900E61ACEC9}.Release|x64.Build.0 = Release|Any CPU
		{05333546-A31A-4820-90CC-D900E61ACEC9}.Release|x86.ActiveCfg = Release|Any CPU
		{05333546-A31A-4820-90CC-D900E61ACEC9}.Release|x86.Build.0 = Release|Any CPU
		{3F63D498-3EDB-4B0D-9314-832C0CC01F01}.Debug with FxCop|Any CPU.ActiveCfg = Debug|Any CPU
		{3F63D498-3EDB-4B0D-9314-832C0CC01F01}.Debug with FxCop|Any CPU.Build.0 = Debug|Any CPU
		{3F63D498-3EDB-4B0D-9314-832C0CC01F01}.Debug with FxCop|x64.ActiveCfg = Debug|Any CPU
		{3F63D498-3EDB-4B0D-9314-832C0CC01F01}.Debug with FxCop|x64.Build.0 = Debug|Any CPU
		{3F63D498-3EDB-4B0D-9314-832C0CC01F01}.Debug with FxCop|x86.ActiveCfg = Debug|Any CPU
		{3F63D498-3EDB-4B0D-9314-832C0CC01F01}.Debug with FxCop|x86.Build.0 = Debug|Any CPU
		{3F63D498-3EDB-4B0D-9314-832C0CC01F01}.Debug|Any CPU.ActiveCfg = Debug|Any CPU
		{3F63D498-3EDB-4B0D-9314-832C0CC01F01}.Debug|Any CPU.Build.0 = Debug|Any CPU
		{3F63D498-3EDB-4B0D-9314-832C0CC01F01}.Debug|x64.ActiveCfg = Debug|Any CPU
		{3F63D498-3EDB-4B0D-9314-832C0CC01F01}.Debug|x64.Build.0 = Debug|Any CPU
		{3F63D498-3EDB-4B0D-9314-832C0CC01F01}.Debug|x86.ActiveCfg = Debug|Any CPU
		{3F63D498-3EDB-4B0D-9314-832C0CC01F01}.Debug|x86.Build.0 = Debug|Any CPU
		{3F63D498-3EDB-4B0D-9314-832C0CC01F01}.Release with FxCop|Any CPU.ActiveCfg = Release|Any CPU
		{3F63D498-3EDB-4B0D-9314-832C0CC01F01}.Release with FxCop|Any CPU.Build.0 = Release|Any CPU
		{3F63D498-3EDB-4B0D-9314-832C0CC01F01}.Release with FxCop|x64.ActiveCfg = Release|Any CPU
		{3F63D498-3EDB-4B0D-9314-832C0CC01F01}.Release with FxCop|x64.Build.0 = Release|Any CPU
		{3F63D498-3EDB-4B0D-9314-832C0CC01F01}.Release with FxCop|x86.ActiveCfg = Release|Any CPU
		{3F63D498-3EDB-4B0D-9314-832C0CC01F01}.Release with FxCop|x86.Build.0 = Release|Any CPU
		{3F63D498-3EDB-4B0D-9314-832C0CC01F01}.Release|Any CPU.ActiveCfg = Release|Any CPU
		{3F63D498-3EDB-4B0D-9314-832C0CC01F01}.Release|Any CPU.Build.0 = Release|Any CPU
		{3F63D498-3EDB-4B0D-9314-832C0CC01F01}.Release|x64.ActiveCfg = Release|Any CPU
		{3F63D498-3EDB-4B0D-9314-832C0CC01F01}.Release|x64.Build.0 = Release|Any CPU
		{3F63D498-3EDB-4B0D-9314-832C0CC01F01}.Release|x86.ActiveCfg = Release|Any CPU
		{3F63D498-3EDB-4B0D-9314-832C0CC01F01}.Release|x86.Build.0 = Release|Any CPU
		{D1B336A1-558A-4231-80C1-CFE6D372A103}.Debug with FxCop|Any CPU.ActiveCfg = Debug|Any CPU
		{D1B336A1-558A-4231-80C1-CFE6D372A103}.Debug with FxCop|Any CPU.Build.0 = Debug|Any CPU
		{D1B336A1-558A-4231-80C1-CFE6D372A103}.Debug with FxCop|x64.ActiveCfg = Debug|Any CPU
		{D1B336A1-558A-4231-80C1-CFE6D372A103}.Debug with FxCop|x64.Build.0 = Debug|Any CPU
		{D1B336A1-558A-4231-80C1-CFE6D372A103}.Debug with FxCop|x86.ActiveCfg = Debug|Any CPU
		{D1B336A1-558A-4231-80C1-CFE6D372A103}.Debug with FxCop|x86.Build.0 = Debug|Any CPU
		{D1B336A1-558A-4231-80C1-CFE6D372A103}.Debug|Any CPU.ActiveCfg = Debug|Any CPU
		{D1B336A1-558A-4231-80C1-CFE6D372A103}.Debug|Any CPU.Build.0 = Debug|Any CPU
		{D1B336A1-558A-4231-80C1-CFE6D372A103}.Debug|x64.ActiveCfg = Debug|Any CPU
		{D1B336A1-558A-4231-80C1-CFE6D372A103}.Debug|x64.Build.0 = Debug|Any CPU
		{D1B336A1-558A-4231-80C1-CFE6D372A103}.Debug|x86.ActiveCfg = Debug|Any CPU
		{D1B336A1-558A-4231-80C1-CFE6D372A103}.Debug|x86.Build.0 = Debug|Any CPU
		{D1B336A1-558A-4231-80C1-CFE6D372A103}.Release with FxCop|Any CPU.ActiveCfg = Release|Any CPU
		{D1B336A1-558A-4231-80C1-CFE6D372A103}.Release with FxCop|Any CPU.Build.0 = Release|Any CPU
		{D1B336A1-558A-4231-80C1-CFE6D372A103}.Release with FxCop|x64.ActiveCfg = Release|Any CPU
		{D1B336A1-558A-4231-80C1-CFE6D372A103}.Release with FxCop|x64.Build.0 = Release|Any CPU
		{D1B336A1-558A-4231-80C1-CFE6D372A103}.Release with FxCop|x86.ActiveCfg = Release|Any CPU
		{D1B336A1-558A-4231-80C1-CFE6D372A103}.Release with FxCop|x86.Build.0 = Release|Any CPU
		{D1B336A1-558A-4231-80C1-CFE6D372A103}.Release|Any CPU.ActiveCfg = Release|Any CPU
		{D1B336A1-558A-4231-80C1-CFE6D372A103}.Release|Any CPU.Build.0 = Release|Any CPU
		{D1B336A1-558A-4231-80C1-CFE6D372A103}.Release|x64.ActiveCfg = Release|Any CPU
		{D1B336A1-558A-4231-80C1-CFE6D372A103}.Release|x64.Build.0 = Release|Any CPU
		{D1B336A1-558A-4231-80C1-CFE6D372A103}.Release|x86.ActiveCfg = Release|Any CPU
		{D1B336A1-558A-4231-80C1-CFE6D372A103}.Release|x86.Build.0 = Release|Any CPU
		{5C380E35-D269-41F5-AA93-3A944E84208A}.Debug with FxCop|Any CPU.ActiveCfg = Debug|Any CPU
		{5C380E35-D269-41F5-AA93-3A944E84208A}.Debug with FxCop|Any CPU.Build.0 = Debug|Any CPU
		{5C380E35-D269-41F5-AA93-3A944E84208A}.Debug with FxCop|x64.ActiveCfg = Debug|Any CPU
		{5C380E35-D269-41F5-AA93-3A944E84208A}.Debug with FxCop|x64.Build.0 = Debug|Any CPU
		{5C380E35-D269-41F5-AA93-3A944E84208A}.Debug with FxCop|x86.ActiveCfg = Debug|Any CPU
		{5C380E35-D269-41F5-AA93-3A944E84208A}.Debug with FxCop|x86.Build.0 = Debug|Any CPU
		{5C380E35-D269-41F5-AA93-3A944E84208A}.Debug|Any CPU.ActiveCfg = Debug|Any CPU
		{5C380E35-D269-41F5-AA93-3A944E84208A}.Debug|Any CPU.Build.0 = Debug|Any CPU
		{5C380E35-D269-41F5-AA93-3A944E84208A}.Debug|x64.ActiveCfg = Debug|Any CPU
		{5C380E35-D269-41F5-AA93-3A944E84208A}.Debug|x64.Build.0 = Debug|Any CPU
		{5C380E35-D269-41F5-AA93-3A944E84208A}.Debug|x86.ActiveCfg = Debug|Any CPU
		{5C380E35-D269-41F5-AA93-3A944E84208A}.Debug|x86.Build.0 = Debug|Any CPU
		{5C380E35-D269-41F5-AA93-3A944E84208A}.Release with FxCop|Any CPU.ActiveCfg = Release|Any CPU
		{5C380E35-D269-41F5-AA93-3A944E84208A}.Release with FxCop|Any CPU.Build.0 = Release|Any CPU
		{5C380E35-D269-41F5-AA93-3A944E84208A}.Release with FxCop|x64.ActiveCfg = Release|Any CPU
		{5C380E35-D269-41F5-AA93-3A944E84208A}.Release with FxCop|x64.Build.0 = Release|Any CPU
		{5C380E35-D269-41F5-AA93-3A944E84208A}.Release with FxCop|x86.ActiveCfg = Release|Any CPU
		{5C380E35-D269-41F5-AA93-3A944E84208A}.Release with FxCop|x86.Build.0 = Release|Any CPU
		{5C380E35-D269-41F5-AA93-3A944E84208A}.Release|Any CPU.ActiveCfg = Release|Any CPU
		{5C380E35-D269-41F5-AA93-3A944E84208A}.Release|Any CPU.Build.0 = Release|Any CPU
		{5C380E35-D269-41F5-AA93-3A944E84208A}.Release|x64.ActiveCfg = Release|Any CPU
		{5C380E35-D269-41F5-AA93-3A944E84208A}.Release|x64.Build.0 = Release|Any CPU
		{5C380E35-D269-41F5-AA93-3A944E84208A}.Release|x86.ActiveCfg = Release|Any CPU
		{5C380E35-D269-41F5-AA93-3A944E84208A}.Release|x86.Build.0 = Release|Any CPU
		{3D749320-ED01-45FC-AFC8-28E4B640E406}.Debug with FxCop|Any CPU.ActiveCfg = Debug|x64
		{3D749320-ED01-45FC-AFC8-28E4B640E406}.Debug with FxCop|Any CPU.Build.0 = Debug|x64
		{3D749320-ED01-45FC-AFC8-28E4B640E406}.Debug with FxCop|x64.ActiveCfg = Debug|x64
		{3D749320-ED01-45FC-AFC8-28E4B640E406}.Debug with FxCop|x64.Build.0 = Debug|x64
		{3D749320-ED01-45FC-AFC8-28E4B640E406}.Debug with FxCop|x86.ActiveCfg = Debug|Win32
		{3D749320-ED01-45FC-AFC8-28E4B640E406}.Debug with FxCop|x86.Build.0 = Debug|Win32
		{3D749320-ED01-45FC-AFC8-28E4B640E406}.Debug|Any CPU.ActiveCfg = Debug|x64
		{3D749320-ED01-45FC-AFC8-28E4B640E406}.Debug|Any CPU.Build.0 = Debug|x64
		{3D749320-ED01-45FC-AFC8-28E4B640E406}.Debug|x64.ActiveCfg = Debug|x64
		{3D749320-ED01-45FC-AFC8-28E4B640E406}.Debug|x64.Build.0 = Debug|x64
		{3D749320-ED01-45FC-AFC8-28E4B640E406}.Debug|x86.ActiveCfg = Debug|Win32
		{3D749320-ED01-45FC-AFC8-28E4B640E406}.Debug|x86.Build.0 = Debug|Win32
		{3D749320-ED01-45FC-AFC8-28E4B640E406}.Release with FxCop|Any CPU.ActiveCfg = Release|x64
		{3D749320-ED01-45FC-AFC8-28E4B640E406}.Release with FxCop|Any CPU.Build.0 = Release|x64
		{3D749320-ED01-45FC-AFC8-28E4B640E406}.Release with FxCop|x64.ActiveCfg = Release|x64
		{3D749320-ED01-45FC-AFC8-28E4B640E406}.Release with FxCop|x64.Build.0 = Release|x64
		{3D749320-ED01-45FC-AFC8-28E4B640E406}.Release with FxCop|x86.ActiveCfg = Release|Win32
		{3D749320-ED01-45FC-AFC8-28E4B640E406}.Release with FxCop|x86.Build.0 = Release|Win32
		{3D749320-ED01-45FC-AFC8-28E4B640E406}.Release|Any CPU.ActiveCfg = Release|x64
		{3D749320-ED01-45FC-AFC8-28E4B640E406}.Release|Any CPU.Build.0 = Release|x64
		{3D749320-ED01-45FC-AFC8-28E4B640E406}.Release|x64.ActiveCfg = Release|x64
		{3D749320-ED01-45FC-AFC8-28E4B640E406}.Release|x64.Build.0 = Release|x64
		{3D749320-ED01-45FC-AFC8-28E4B640E406}.Release|x86.ActiveCfg = Release|Win32
		{3D749320-ED01-45FC-AFC8-28E4B640E406}.Release|x86.Build.0 = Release|Win32
	EndGlobalSection
	GlobalSection(SolutionProperties) = preSolution
		HideSolutionNode = FALSE
	EndGlobalSection
	GlobalSection(ExtensibilityGlobals) = postSolution
		SolutionGuid = {F91E091E-C11A-49D2-A1A8-826243FD72EF}
	EndGlobalSection
EndGlobal
