
Microsoft Visual Studio Solution File, Format Version 12.00
# Visual Studio Version 17
VisualStudioVersion = 17.4.33403.182
MinimumVisualStudioVersion = 10.0.40219.1
Project("{2150E333-8FDC-42A3-9474-1A3956D46DE8}") = "Solution Items", "Solution Items", "{38C90087-8565-4EB6-BFC1-76748FA6084B}"
	ProjectSection(SolutionItems) = preProject
		.editorconfig = .editorconfig
		..\..\..\Changelog.md = ..\..\..\Changelog.md
		Directory.Build.props = Directory.Build.props
		..\..\..\Directory.Build.props = ..\..\..\Directory.Build.props
		Directory.Build.targets = Directory.Build.targets
		..\..\..\LICENSE = ..\..\..\LICENSE
		..\..\..\Assets\Documents\Licenses\License.md = ..\..\..\Assets\Documents\Licenses\License.md
		..\..\..\README.md = ..\..\..\README.md
	EndProjectSection
EndProject
Project("{2150E333-8FDC-42A3-9474-1A3956D46DE8}") = "Components", "Components", "{A47EB061-076A-4E2C-B3D5-7B06B1D707FF}"
EndProject
Project("{9A19103F-16F7-4668-BE54-9A1E7A4F7556}") = "Core", "Components\Core\Core.csproj", "{BA734825-B429-4220-B8A5-5D00B7CC2F5E}"
EndProject
Project("{8BC9CEB8-8B4A-11D0-8D11-00A0C91BC942}") = "DirectX", "Components\DirectX\DirectX.vcxproj", "{3D749320-ED01-45FC-AFC8-28E4B640E406}"
EndProject
Project("{9A19103F-16F7-4668-BE54-9A1E7A4F7556}") = "ExtendedLinguisticServices", "Components\ExtendedLinguisticServices\ExtendedLinguisticServices.csproj", "{27EA17C0-38E6-4612-9DBE-FF95B9088C85}"
EndProject
Project("{9A19103F-16F7-4668-BE54-9A1E7A4F7556}") = "Sensors", "Components\Sensors\Sensors.csproj", "{BF930F6A-7532-4BC6-A4C5-4B61D06DCBBD}"
EndProject
Project("{9A19103F-16F7-4668-BE54-9A1E7A4F7556}") = "Shell", "Components\Shell\Shell.csproj", "{F1CC7975-8C68-48AF-B9F4-AEA37AE6F808}"
EndProject
Project("{9A19103F-16F7-4668-BE54-9A1E7A4F7556}") = "ShellExtensions", "Components\ShellExtensions\ShellExtensions.csproj", "{94059CB9-3C91-47E4-A934-45932B643A8F}"
EndProject
Project("{9A19103F-16F7-4668-BE54-9A1E7A4F7556}") = "ScratchProject", "ScratchProject\ScratchProject.csproj", "{A12DB06F-15B4-41B7-BB98-505CC1EB2DD0}"
EndProject
Global
	GlobalSection(SolutionConfigurationPlatforms) = preSolution
		Debug|Any CPU = Debug|Any CPU
		Debug|x64 = Debug|x64
		Debug|x86 = Debug|x86
		Release|Any CPU = Release|Any CPU
		Release|x64 = Release|x64
		Release|x86 = Release|x86
	EndGlobalSection
	GlobalSection(ProjectConfigurationPlatforms) = postSolution
		{BA734825-B429-4220-B8A5-5D00B7CC2F5E}.Debug|Any CPU.ActiveCfg = Debug|Any CPU
		{BA734825-B429-4220-B8A5-5D00B7CC2F5E}.Debug|Any CPU.Build.0 = Debug|Any CPU
		{BA734825-B429-4220-B8A5-5D00B7CC2F5E}.Debug|x64.ActiveCfg = Debug|Any CPU
		{BA734825-B429-4220-B8A5-5D00B7CC2F5E}.Debug|x64.Build.0 = Debug|Any CPU
		{BA734825-B429-4220-B8A5-5D00B7CC2F5E}.Debug|x86.ActiveCfg = Debug|Any CPU
		{BA734825-B429-4220-B8A5-5D00B7CC2F5E}.Debug|x86.Build.0 = Debug|Any CPU
		{BA734825-B429-4220-B8A5-5D00B7CC2F5E}.Release|Any CPU.ActiveCfg = Release|Any CPU
		{BA734825-B429-4220-B8A5-5D00B7CC2F5E}.Release|Any CPU.Build.0 = Release|Any CPU
		{BA734825-B429-4220-B8A5-5D00B7CC2F5E}.Release|x64.ActiveCfg = Release|Any CPU
		{BA734825-B429-4220-B8A5-5D00B7CC2F5E}.Release|x64.Build.0 = Release|Any CPU
		{BA734825-B429-4220-B8A5-5D00B7CC2F5E}.Release|x86.ActiveCfg = Release|Any CPU
		{BA734825-B429-4220-B8A5-5D00B7CC2F5E}.Release|x86.Build.0 = Release|Any CPU
		{3D749320-ED01-45FC-AFC8-28E4B640E406}.Debug|Any CPU.ActiveCfg = Debug|x64
		{3D749320-ED01-45FC-AFC8-28E4B640E406}.Debug|Any CPU.Build.0 = Debug|x64
		{3D749320-ED01-45FC-AFC8-28E4B640E406}.Debug|x64.ActiveCfg = Debug|x64
		{3D749320-ED01-45FC-AFC8-28E4B640E406}.Debug|x64.Build.0 = Debug|x64
		{3D749320-ED01-45FC-AFC8-28E4B640E406}.Debug|x86.ActiveCfg = Debug|Win32
		{3D749320-ED01-45FC-AFC8-28E4B640E406}.Debug|x86.Build.0 = Debug|Win32
		{3D749320-ED01-45FC-AFC8-28E4B640E406}.Release|Any CPU.ActiveCfg = Release|x64
		{3D749320-ED01-45FC-AFC8-28E4B640E406}.Release|Any CPU.Build.0 = Release|x64
		{3D749320-ED01-45FC-AFC8-28E4B640E406}.Release|x64.ActiveCfg = Release|x64
		{3D749320-ED01-45FC-AFC8-28E4B640E406}.Release|x64.Build.0 = Release|x64
		{3D749320-ED01-45FC-AFC8-28E4B640E406}.Release|x86.ActiveCfg = Release|Win32
		{3D749320-ED01-45FC-AFC8-28E4B640E406}.Release|x86.Build.0 = Release|Win32
		{27EA17C0-38E6-4612-9DBE-FF95B9088C85}.Debug|Any CPU.ActiveCfg = Debug|Any CPU
		{27EA17C0-38E6-4612-9DBE-FF95B9088C85}.Debug|Any CPU.Build.0 = Debug|Any CPU
		{27EA17C0-38E6-4612-9DBE-FF95B9088C85}.Debug|x64.ActiveCfg = Debug|Any CPU
		{27EA17C0-38E6-4612-9DBE-FF95B9088C85}.Debug|x64.Build.0 = Debug|Any CPU
		{27EA17C0-38E6-4612-9DBE-FF95B9088C85}.Debug|x86.ActiveCfg = Debug|Any CPU
		{27EA17C0-38E6-4612-9DBE-FF95B9088C85}.Debug|x86.Build.0 = Debug|Any CPU
		{27EA17C0-38E6-4612-9DBE-FF95B9088C85}.Release|Any CPU.ActiveCfg = Release|Any CPU
		{27EA17C0-38E6-4612-9DBE-FF95B9088C85}.Release|Any CPU.Build.0 = Release|Any CPU
		{27EA17C0-38E6-4612-9DBE-FF95B9088C85}.Release|x64.ActiveCfg = Release|Any CPU
		{27EA17C0-38E6-4612-9DBE-FF95B9088C85}.Release|x64.Build.0 = Release|Any CPU
		{27EA17C0-38E6-4612-9DBE-FF95B9088C85}.Release|x86.ActiveCfg = Release|Any CPU
		{27EA17C0-38E6-4612-9DBE-FF95B9088C85}.Release|x86.Build.0 = Release|Any CPU
		{BF930F6A-7532-4BC6-A4C5-4B61D06DCBBD}.Debug|Any CPU.ActiveCfg = Debug|Any CPU
		{BF930F6A-7532-4BC6-A4C5-4B61D06DCBBD}.Debug|Any CPU.Build.0 = Debug|Any CPU
		{BF930F6A-7532-4BC6-A4C5-4B61D06DCBBD}.Debug|x64.ActiveCfg = Debug|Any CPU
		{BF930F6A-7532-4BC6-A4C5-4B61D06DCBBD}.Debug|x64.Build.0 = Debug|Any CPU
		{BF930F6A-7532-4BC6-A4C5-4B61D06DCBBD}.Debug|x86.ActiveCfg = Debug|Any CPU
		{BF930F6A-7532-4BC6-A4C5-4B61D06DCBBD}.Debug|x86.Build.0 = Debug|Any CPU
		{BF930F6A-7532-4BC6-A4C5-4B61D06DCBBD}.Release|Any CPU.ActiveCfg = Release|Any CPU
		{BF930F6A-7532-4BC6-A4C5-4B61D06DCBBD}.Release|Any CPU.Build.0 = Release|Any CPU
		{BF930F6A-7532-4BC6-A4C5-4B61D06DCBBD}.Release|x64.ActiveCfg = Release|Any CPU
		{BF930F6A-7532-4BC6-A4C5-4B61D06DCBBD}.Release|x64.Build.0 = Release|Any CPU
		{BF930F6A-7532-4BC6-A4C5-4B61D06DCBBD}.Release|x86.ActiveCfg = Release|Any CPU
		{BF930F6A-7532-4BC6-A4C5-4B61D06DCBBD}.Release|x86.Build.0 = Release|Any CPU
		{F1CC7975-8C68-48AF-B9F4-AEA37AE6F808}.Debug|Any CPU.ActiveCfg = Debug|Any CPU
		{F1CC7975-8C68-48AF-B9F4-AEA37AE6F808}.Debug|Any CPU.Build.0 = Debug|Any CPU
		{F1CC7975-8C68-48AF-B9F4-AEA37AE6F808}.Debug|x64.ActiveCfg = Debug|Any CPU
		{F1CC7975-8C68-48AF-B9F4-AEA37AE6F808}.Debug|x64.Build.0 = Debug|Any CPU
		{F1CC7975-8C68-48AF-B9F4-AEA37AE6F808}.Debug|x86.ActiveCfg = Debug|Any CPU
		{F1CC7975-8C68-48AF-B9F4-AEA37AE6F808}.Debug|x86.Build.0 = Debug|Any CPU
		{F1CC7975-8C68-48AF-B9F4-AEA37AE6F808}.Release|Any CPU.ActiveCfg = Release|Any CPU
		{F1CC7975-8C68-48AF-B9F4-AEA37AE6F808}.Release|Any CPU.Build.0 = Release|Any CPU
		{F1CC7975-8C68-48AF-B9F4-AEA37AE6F808}.Release|x64.ActiveCfg = Release|Any CPU
		{F1CC7975-8C68-48AF-B9F4-AEA37AE6F808}.Release|x64.Build.0 = Release|Any CPU
		{F1CC7975-8C68-48AF-B9F4-AEA37AE6F808}.Release|x86.ActiveCfg = Release|Any CPU
		{F1CC7975-8C68-48AF-B9F4-AEA37AE6F808}.Release|x86.Build.0 = Release|Any CPU
		{94059CB9-3C91-47E4-A934-45932B643A8F}.Debug|Any CPU.ActiveCfg = Debug|Any CPU
		{94059CB9-3C91-47E4-A934-45932B643A8F}.Debug|Any CPU.Build.0 = Debug|Any CPU
		{94059CB9-3C91-47E4-A934-45932B643A8F}.Debug|x64.ActiveCfg = Debug|Any CPU
		{94059CB9-3C91-47E4-A934-45932B643A8F}.Debug|x64.Build.0 = Debug|Any CPU
		{94059CB9-3C91-47E4-A934-45932B643A8F}.Debug|x86.ActiveCfg = Debug|Any CPU
		{94059CB9-3C91-47E4-A934-45932B643A8F}.Debug|x86.Build.0 = Debug|Any CPU
		{94059CB9-3C91-47E4-A934-45932B643A8F}.Release|Any CPU.ActiveCfg = Release|Any CPU
		{94059CB9-3C91-47E4-A934-45932B643A8F}.Release|Any CPU.Build.0 = Release|Any CPU
		{94059CB9-3C91-47E4-A934-45932B643A8F}.Release|x64.ActiveCfg = Release|Any CPU
		{94059CB9-3C91-47E4-A934-45932B643A8F}.Release|x64.Build.0 = Release|Any CPU
		{94059CB9-3C91-47E4-A934-45932B643A8F}.Release|x86.ActiveCfg = Release|Any CPU
		{94059CB9-3C91-47E4-A934-45932B643A8F}.Release|x86.Build.0 = Release|Any CPU
		{A12DB06F-15B4-41B7-BB98-505CC1EB2DD0}.Debug|Any CPU.ActiveCfg = Debug|Any CPU
		{A12DB06F-15B4-41B7-BB98-505CC1EB2DD0}.Debug|Any CPU.Build.0 = Debug|Any CPU
		{A12DB06F-15B4-41B7-BB98-505CC1EB2DD0}.Debug|x64.ActiveCfg = Debug|Any CPU
		{A12DB06F-15B4-41B7-BB98-505CC1EB2DD0}.Debug|x64.Build.0 = Debug|Any CPU
		{A12DB06F-15B4-41B7-BB98-505CC1EB2DD0}.Debug|x86.ActiveCfg = Debug|Any CPU
		{A12DB06F-15B4-41B7-BB98-505CC1EB2DD0}.Debug|x86.Build.0 = Debug|Any CPU
		{A12DB06F-15B4-41B7-BB98-505CC1EB2DD0}.Release|Any CPU.ActiveCfg = Release|Any CPU
		{A12DB06F-15B4-41B7-BB98-505CC1EB2DD0}.Release|Any CPU.Build.0 = Release|Any CPU
		{A12DB06F-15B4-41B7-BB98-505CC1EB2DD0}.Release|x64.ActiveCfg = Release|Any CPU
		{A12DB06F-15B4-41B7-BB98-505CC1EB2DD0}.Release|x64.Build.0 = Release|Any CPU
		{A12DB06F-15B4-41B7-BB98-505CC1EB2DD0}.Release|x86.ActiveCfg = Release|Any CPU
		{A12DB06F-15B4-41B7-BB98-505CC1EB2DD0}.Release|x86.Build.0 = Release|Any CPU
	EndGlobalSection
	GlobalSection(SolutionProperties) = preSolution
		HideSolutionNode = FALSE
	EndGlobalSection
	GlobalSection(NestedProjects) = preSolution
		{BA734825-B429-4220-B8A5-5D00B7CC2F5E} = {A47EB061-076A-4E2C-B3D5-7B06B1D707FF}
		{3D749320-ED01-45FC-AFC8-28E4B640E406} = {A47EB061-076A-4E2C-B3D5-7B06B1D707FF}
		{27EA17C0-38E6-4612-9DBE-FF95B9088C85} = {A47EB061-076A-4E2C-B3D5-7B06B1D707FF}
		{BF930F6A-7532-4BC6-A4C5-4B61D06DCBBD} = {A47EB061-076A-4E2C-B3D5-7B06B1D707FF}
		{F1CC7975-8C68-48AF-B9F4-AEA37AE6F808} = {A47EB061-076A-4E2C-B3D5-7B06B1D707FF}
		{94059CB9-3C91-47E4-A934-45932B643A8F} = {A47EB061-076A-4E2C-B3D5-7B06B1D707FF}
	EndGlobalSection
	GlobalSection(ExtensibilityGlobals) = postSolution
		SolutionGuid = {F91E091E-C11A-49D2-A1A8-826243FD72EF}
	EndGlobalSection
EndGlobal
