
Microsoft Visual Studio Solution File, Format Version 12.00
# Visual Studio Version 17
VisualStudioVersion = 17.11.34909.67
MinimumVisualStudioVersion = 10.0.40219.1
Project("{9A19103F-16F7-4668-BE54-9A1E7A4F7556}") = "PowerMgmtDemo", "PowerMgmtDemo\PowerMgmtDemo.csproj", "{1767FA65-426B-4555-9049-01DB8DCEA5A8}"
EndProject
Project("{9A19103F-16F7-4668-BE54-9A1E7A4F7556}") = "Core", "..\..\..\Current\Windows API CodePack\Components\Core\Core.csproj", "{A2E06706-73A5-45EB-A29D-DF456E3A94F8}"
EndProject
Project("{9A19103F-16F7-4668-BE54-9A1E7A4F7556}") = "Shell", "..\..\..\Current\Windows API CodePack\Components\Shell\Shell.csproj", "{CF636BF6-579E-404D-9F90-925A5C47E716}"
EndProject
Global
	GlobalSection(SolutionConfigurationPlatforms) = preSolution
		Debug|Any CPU = Debug|Any CPU
		Release|Any CPU = Release|Any CPU
	EndGlobalSection
	GlobalSection(ProjectConfigurationPlatforms) = postSolution
		{1767FA65-426B-4555-9049-01DB8DCEA5A8}.Debug|Any CPU.ActiveCfg = Debug|Any CPU
		{1767FA65-426B-4555-9049-01DB8DCEA5A8}.Debug|Any CPU.Build.0 = Debug|Any CPU
		{1767FA65-426B-4555-9049-01DB8DCEA5A8}.Release|Any CPU.ActiveCfg = Release|Any CPU
		{1767FA65-426B-4555-9049-01DB8DCEA5A8}.Release|Any CPU.Build.0 = Release|Any CPU
		{A2E06706-73A5-45EB-A29D-DF456E3A94F8}.Debug|Any CPU.ActiveCfg = Debug|Any CPU
		{A2E06706-73A5-45EB-A29D-DF456E3A94F8}.Debug|Any CPU.Build.0 = Debug|Any CPU
		{A2E06706-73A5-45EB-A29D-DF456E3A94F8}.Release|Any CPU.ActiveCfg = Release|Any CPU
		{A2E06706-73A5-45EB-A29D-DF456E3A94F8}.Release|Any CPU.Build.0 = Release|Any CPU
		{CF636BF6-579E-404D-9F90-925A5C47E716}.Debug|Any CPU.ActiveCfg = Debug|Any CPU
		{CF636BF6-579E-404D-9F90-925A5C47E716}.Debug|Any CPU.Build.0 = Debug|Any CPU
		{CF636BF6-579E-404D-9F90-925A5C47E716}.Release|Any CPU.ActiveCfg = Release|Any CPU
		{CF636BF6-579E-404D-9F90-925A5C47E716}.Release|Any CPU.Build.0 = Release|Any CPU
	EndGlobalSection
	GlobalSection(SolutionProperties) = preSolution
		HideSolutionNode = FALSE
	EndGlobalSection
	GlobalSection(ExtensibilityGlobals) = postSolution
		SolutionGuid = {BDFEA5C9-C1BD-4E18-8F6D-91B26A95F8A9}
	EndGlobalSection
EndGlobal
