
Microsoft Visual Studio Solution File, Format Version 12.00
# Visual Studio Version 17
VisualStudioVersion = 17.4.33403.182
MinimumVisualStudioVersion = 10.0.40219.1
Project("{FAE04EC0-301F-11D3-BF4B-00C04F79EFBC}") = "Shell", "Shell\Shell.csproj", "{AA0C00CB-8699-4F37-BFAE-40CA87ACC06D}"
EndProject
Project("{FAE04EC0-301F-11D3-BF4B-00C04F79EFBC}") = "Core", "Core\Core.csproj", "{2E1FB0DF-F9BB-4909-9F32-2D9D022A8E57}"
EndProject
Project("{FAE04EC0-301F-11D3-BF4B-00C04F79EFBC}") = "Sensors", "Sensors\Sensors.csproj", "{31421787-1A3C-427C-A8AD-C7E2561B2956}"
EndProject
Project("{FAE04EC0-301F-11D3-BF4B-00C04F79EFBC}") = "ExtendedLinguisticServices", "ExtendedLinguisticServices\ExtendedLinguisticServices.csproj", "{B2CE24B7-FC5D-49AC-806F-1D88F78A31E9}"
EndProject
Project("{FAE04EC0-301F-11D3-BF4B-00C04F79EFBC}") = "ShellExtensions", "ShellExtensions\ShellExtensions.csproj", "{F3C863EC-33F4-4ED2-9D67-00BF3EEEAB64}"
EndProject
Project("{8BC9CEB8-8B4A-11D0-8D11-00A0C91BC942}") = "Microsoft.WindowsAPICodePack.DirectX", "DirectX\DirectX\DirectX.vcxproj", "{446B1E21-65A1-4F56-AA2C-D2E24058B2B8}"
EndProject
Global
	GlobalSection(SolutionConfigurationPlatforms) = preSolution
		Debug with FxCop|Any CPU = Debug with FxCop|Any CPU
		Debug with FxCop|Mixed Platforms = Debug with FxCop|Mixed Platforms
		Debug with FxCop|Win32 = Debug with FxCop|Win32
		Debug with FxCop|x64 = Debug with FxCop|x64
		Debug|Any CPU = Debug|Any CPU
		Debug|Mixed Platforms = Debug|Mixed Platforms
		Debug|Win32 = Debug|Win32
		Debug|x64 = Debug|x64
		Release with FxCop|Any CPU = Release with FxCop|Any CPU
		Release with FxCop|Mixed Platforms = Release with FxCop|Mixed Platforms
		Release with FxCop|Win32 = Release with FxCop|Win32
		Release with FxCop|x64 = Release with FxCop|x64
		Release|Any CPU = Release|Any CPU
		Release|Mixed Platforms = Release|Mixed Platforms
		Release|Win32 = Release|Win32
		Release|x64 = Release|x64
	EndGlobalSection
	GlobalSection(ProjectConfigurationPlatforms) = postSolution
		{AA0C00CB-8699-4F37-BFAE-40CA87ACC06D}.Debug with FxCop|Any CPU.ActiveCfg = Debug|Any CPU
		{AA0C00CB-8699-4F37-BFAE-40CA87ACC06D}.Debug with FxCop|Any CPU.Build.0 = Debug|Any CPU
		{AA0C00CB-8699-4F37-BFAE-40CA87ACC06D}.Debug with FxCop|Mixed Platforms.ActiveCfg = Debug|x64
		{AA0C00CB-8699-4F37-BFAE-40CA87ACC06D}.Debug with FxCop|Mixed Platforms.Build.0 = Debug|x64
		{AA0C00CB-8699-4F37-BFAE-40CA87ACC06D}.Debug with FxCop|Win32.ActiveCfg = Debug|Any CPU
		{AA0C00CB-8699-4F37-BFAE-40CA87ACC06D}.Debug with FxCop|Win32.Build.0 = Debug|Any CPU
		{AA0C00CB-8699-4F37-BFAE-40CA87ACC06D}.Debug with FxCop|x64.ActiveCfg = Debug|x64
		{AA0C00CB-8699-4F37-BFAE-40CA87ACC06D}.Debug with FxCop|x64.Build.0 = Debug|x64
		{AA0C00CB-8699-4F37-BFAE-40CA87ACC06D}.Debug|Any CPU.ActiveCfg = Debug|Any CPU
		{AA0C00CB-8699-4F37-BFAE-40CA87ACC06D}.Debug|Any CPU.Build.0 = Debug|Any CPU
		{AA0C00CB-8699-4F37-BFAE-40CA87ACC06D}.Debug|Mixed Platforms.ActiveCfg = Debug|Any CPU
		{AA0C00CB-8699-4F37-BFAE-40CA87ACC06D}.Debug|Mixed Platforms.Build.0 = Debug|Any CPU
		{AA0C00CB-8699-4F37-BFAE-40CA87ACC06D}.Debug|Win32.ActiveCfg = Debug|Any CPU
		{AA0C00CB-8699-4F37-BFAE-40CA87ACC06D}.Debug|x64.ActiveCfg = Debug|x64
		{AA0C00CB-8699-4F37-BFAE-40CA87ACC06D}.Debug|x64.Build.0 = Debug|x64
		{AA0C00CB-8699-4F37-BFAE-40CA87ACC06D}.Release with FxCop|Any CPU.ActiveCfg = Release|Any CPU
		{AA0C00CB-8699-4F37-BFAE-40CA87ACC06D}.Release with FxCop|Any CPU.Build.0 = Release|Any CPU
		{AA0C00CB-8699-4F37-BFAE-40CA87ACC06D}.Release with FxCop|Mixed Platforms.ActiveCfg = Release|x64
		{AA0C00CB-8699-4F37-BFAE-40CA87ACC06D}.Release with FxCop|Mixed Platforms.Build.0 = Release|x64
		{AA0C00CB-8699-4F37-BFAE-40CA87ACC06D}.Release with FxCop|Win32.ActiveCfg = Release|Any CPU
		{AA0C00CB-8699-4F37-BFAE-40CA87ACC06D}.Release with FxCop|Win32.Build.0 = Release|Any CPU
		{AA0C00CB-8699-4F37-BFAE-40CA87ACC06D}.Release with FxCop|x64.ActiveCfg = Release|x64
		{AA0C00CB-8699-4F37-BFAE-40CA87ACC06D}.Release with FxCop|x64.Build.0 = Release|x64
		{AA0C00CB-8699-4F37-BFAE-40CA87ACC06D}.Release|Any CPU.ActiveCfg = Release|Any CPU
		{AA0C00CB-8699-4F37-BFAE-40CA87ACC06D}.Release|Any CPU.Build.0 = Release|Any CPU
		{AA0C00CB-8699-4F37-BFAE-40CA87ACC06D}.Release|Mixed Platforms.ActiveCfg = Release|Any CPU
		{AA0C00CB-8699-4F37-BFAE-40CA87ACC06D}.Release|Mixed Platforms.Build.0 = Release|Any CPU
		{AA0C00CB-8699-4F37-BFAE-40CA87ACC06D}.Release|Win32.ActiveCfg = Release|Any CPU
		{AA0C00CB-8699-4F37-BFAE-40CA87ACC06D}.Release|x64.ActiveCfg = Release|x64
		{AA0C00CB-8699-4F37-BFAE-40CA87ACC06D}.Release|x64.Build.0 = Release|x64
		{2E1FB0DF-F9BB-4909-9F32-2D9D022A8E57}.Debug with FxCop|Any CPU.ActiveCfg = Debug|Any CPU
		{2E1FB0DF-F9BB-4909-9F32-2D9D022A8E57}.Debug with FxCop|Any CPU.Build.0 = Debug|Any CPU
		{2E1FB0DF-F9BB-4909-9F32-2D9D022A8E57}.Debug with FxCop|Mixed Platforms.ActiveCfg = Debug|x64
		{2E1FB0DF-F9BB-4909-9F32-2D9D022A8E57}.Debug with FxCop|Mixed Platforms.Build.0 = Debug|x64
		{2E1FB0DF-F9BB-4909-9F32-2D9D022A8E57}.Debug with FxCop|Win32.ActiveCfg = Debug|Any CPU
		{2E1FB0DF-F9BB-4909-9F32-2D9D022A8E57}.Debug with FxCop|Win32.Build.0 = Debug|Any CPU
		{2E1FB0DF-F9BB-4909-9F32-2D9D022A8E57}.Debug with FxCop|x64.ActiveCfg = Debug|x64
		{2E1FB0DF-F9BB-4909-9F32-2D9D022A8E57}.Debug with FxCop|x64.Build.0 = Debug|x64
		{2E1FB0DF-F9BB-4909-9F32-2D9D022A8E57}.Debug|Any CPU.ActiveCfg = Debug|Any CPU
		{2E1FB0DF-F9BB-4909-9F32-2D9D022A8E57}.Debug|Any CPU.Build.0 = Debug|Any CPU
		{2E1FB0DF-F9BB-4909-9F32-2D9D022A8E57}.Debug|Mixed Platforms.ActiveCfg = Debug|Any CPU
		{2E1FB0DF-F9BB-4909-9F32-2D9D022A8E57}.Debug|Mixed Platforms.Build.0 = Debug|Any CPU
		{2E1FB0DF-F9BB-4909-9F32-2D9D022A8E57}.Debug|Win32.ActiveCfg = Debug|Any CPU
		{2E1FB0DF-F9BB-4909-9F32-2D9D022A8E57}.Debug|x64.ActiveCfg = Debug|x64
		{2E1FB0DF-F9BB-4909-9F32-2D9D022A8E57}.Debug|x64.Build.0 = Debug|x64
		{2E1FB0DF-F9BB-4909-9F32-2D9D022A8E57}.Release with FxCop|Any CPU.ActiveCfg = Release|Any CPU
		{2E1FB0DF-F9BB-4909-9F32-2D9D022A8E57}.Release with FxCop|Any CPU.Build.0 = Release|Any CPU
		{2E1FB0DF-F9BB-4909-9F32-2D9D022A8E57}.Release with FxCop|Mixed Platforms.ActiveCfg = Release|x64
		{2E1FB0DF-F9BB-4909-9F32-2D9D022A8E57}.Release with FxCop|Mixed Platforms.Build.0 = Release|x64
		{2E1FB0DF-F9BB-4909-9F32-2D9D022A8E57}.Release with FxCop|Win32.ActiveCfg = Release|Any CPU
		{2E1FB0DF-F9BB-4909-9F32-2D9D022A8E57}.Release with FxCop|Win32.Build.0 = Release|Any CPU
		{2E1FB0DF-F9BB-4909-9F32-2D9D022A8E57}.Release with FxCop|x64.ActiveCfg = Release|x64
		{2E1FB0DF-F9BB-4909-9F32-2D9D022A8E57}.Release with FxCop|x64.Build.0 = Release|x64
		{2E1FB0DF-F9BB-4909-9F32-2D9D022A8E57}.Release|Any CPU.ActiveCfg = Release|Any CPU
		{2E1FB0DF-F9BB-4909-9F32-2D9D022A8E57}.Release|Any CPU.Build.0 = Release|Any CPU
		{2E1FB0DF-F9BB-4909-9F32-2D9D022A8E57}.Release|Mixed Platforms.ActiveCfg = Release|Any CPU
		{2E1FB0DF-F9BB-4909-9F32-2D9D022A8E57}.Release|Mixed Platforms.Build.0 = Release|Any CPU
		{2E1FB0DF-F9BB-4909-9F32-2D9D022A8E57}.Release|Win32.ActiveCfg = Release|Any CPU
		{2E1FB0DF-F9BB-4909-9F32-2D9D022A8E57}.Release|x64.ActiveCfg = Release|x64
		{2E1FB0DF-F9BB-4909-9F32-2D9D022A8E57}.Release|x64.Build.0 = Release|x64
		{31421787-1A3C-427C-A8AD-C7E2561B2956}.Debug with FxCop|Any CPU.ActiveCfg = Debug|Any CPU
		{31421787-1A3C-427C-A8AD-C7E2561B2956}.Debug with FxCop|Any CPU.Build.0 = Debug|Any CPU
		{31421787-1A3C-427C-A8AD-C7E2561B2956}.Debug with FxCop|Mixed Platforms.ActiveCfg = Debug|Any CPU
		{31421787-1A3C-427C-A8AD-C7E2561B2956}.Debug with FxCop|Mixed Platforms.Build.0 = Debug|Any CPU
		{31421787-1A3C-427C-A8AD-C7E2561B2956}.Debug with FxCop|Win32.ActiveCfg = Debug|Any CPU
		{31421787-1A3C-427C-A8AD-C7E2561B2956}.Debug with FxCop|Win32.Build.0 = Debug|Any CPU
		{31421787-1A3C-427C-A8AD-C7E2561B2956}.Debug with FxCop|x64.ActiveCfg = Debug|Any CPU
		{31421787-1A3C-427C-A8AD-C7E2561B2956}.Debug with FxCop|x64.Build.0 = Debug|Any CPU
		{31421787-1A3C-427C-A8AD-C7E2561B2956}.Debug|Any CPU.ActiveCfg = Debug|Any CPU
		{31421787-1A3C-427C-A8AD-C7E2561B2956}.Debug|Any CPU.Build.0 = Debug|Any CPU
		{31421787-1A3C-427C-A8AD-C7E2561B2956}.Debug|Mixed Platforms.ActiveCfg = Debug|Any CPU
		{31421787-1A3C-427C-A8AD-C7E2561B2956}.Debug|Mixed Platforms.Build.0 = Debug|Any CPU
		{31421787-1A3C-427C-A8AD-C7E2561B2956}.Debug|Win32.ActiveCfg = Debug|Any CPU
		{31421787-1A3C-427C-A8AD-C7E2561B2956}.Debug|x64.ActiveCfg = Debug|Any CPU
		{31421787-1A3C-427C-A8AD-C7E2561B2956}.Debug|x64.Build.0 = Debug|Any CPU
		{31421787-1A3C-427C-A8AD-C7E2561B2956}.Release with FxCop|Any CPU.ActiveCfg = Release|Any CPU
		{31421787-1A3C-427C-A8AD-C7E2561B2956}.Release with FxCop|Any CPU.Build.0 = Release|Any CPU
		{31421787-1A3C-427C-A8AD-C7E2561B2956}.Release with FxCop|Mixed Platforms.ActiveCfg = Release|Any CPU
		{31421787-1A3C-427C-A8AD-C7E2561B2956}.Release with FxCop|Mixed Platforms.Build.0 = Release|Any CPU
		{31421787-1A3C-427C-A8AD-C7E2561B2956}.Release with FxCop|Win32.ActiveCfg = Release|Any CPU
		{31421787-1A3C-427C-A8AD-C7E2561B2956}.Release with FxCop|Win32.Build.0 = Release|Any CPU
		{31421787-1A3C-427C-A8AD-C7E2561B2956}.Release with FxCop|x64.ActiveCfg = Release|Any CPU
		{31421787-1A3C-427C-A8AD-C7E2561B2956}.Release with FxCop|x64.Build.0 = Release|Any CPU
		{31421787-1A3C-427C-A8AD-C7E2561B2956}.Release|Any CPU.ActiveCfg = Release|Any CPU
		{31421787-1A3C-427C-A8AD-C7E2561B2956}.Release|Any CPU.Build.0 = Release|Any CPU
		{31421787-1A3C-427C-A8AD-C7E2561B2956}.Release|Mixed Platforms.ActiveCfg = Release|Any CPU
		{31421787-1A3C-427C-A8AD-C7E2561B2956}.Release|Mixed Platforms.Build.0 = Release|Any CPU
		{31421787-1A3C-427C-A8AD-C7E2561B2956}.Release|Win32.ActiveCfg = Release|Any CPU
		{31421787-1A3C-427C-A8AD-C7E2561B2956}.Release|x64.ActiveCfg = Release|Any CPU
		{31421787-1A3C-427C-A8AD-C7E2561B2956}.Release|x64.Build.0 = Release|Any CPU
		{B2CE24B7-FC5D-49AC-806F-1D88F78A31E9}.Debug with FxCop|Any CPU.ActiveCfg = Debug|Any CPU
		{B2CE24B7-FC5D-49AC-806F-1D88F78A31E9}.Debug with FxCop|Any CPU.Build.0 = Debug|Any CPU
		{B2CE24B7-FC5D-49AC-806F-1D88F78A31E9}.Debug with FxCop|Mixed Platforms.ActiveCfg = Debug|Any CPU
		{B2CE24B7-FC5D-49AC-806F-1D88F78A31E9}.Debug with FxCop|Mixed Platforms.Build.0 = Debug|Any CPU
		{B2CE24B7-FC5D-49AC-806F-1D88F78A31E9}.Debug with FxCop|Win32.ActiveCfg = Debug|Any CPU
		{B2CE24B7-FC5D-49AC-806F-1D88F78A31E9}.Debug with FxCop|Win32.Build.0 = Debug|Any CPU
		{B2CE24B7-FC5D-49AC-806F-1D88F78A31E9}.Debug with FxCop|x64.ActiveCfg = Debug|Any CPU
		{B2CE24B7-FC5D-49AC-806F-1D88F78A31E9}.Debug with FxCop|x64.Build.0 = Debug|Any CPU
		{B2CE24B7-FC5D-49AC-806F-1D88F78A31E9}.Debug|Any CPU.ActiveCfg = Debug|Any CPU
		{B2CE24B7-FC5D-49AC-806F-1D88F78A31E9}.Debug|Any CPU.Build.0 = Debug|Any CPU
		{B2CE24B7-FC5D-49AC-806F-1D88F78A31E9}.Debug|Mixed Platforms.ActiveCfg = Debug|Any CPU
		{B2CE24B7-FC5D-49AC-806F-1D88F78A31E9}.Debug|Mixed Platforms.Build.0 = Debug|Any CPU
		{B2CE24B7-FC5D-49AC-806F-1D88F78A31E9}.Debug|Win32.ActiveCfg = Debug|Any CPU
		{B2CE24B7-FC5D-49AC-806F-1D88F78A31E9}.Debug|x64.ActiveCfg = Debug|Any CPU
		{B2CE24B7-FC5D-49AC-806F-1D88F78A31E9}.Debug|x64.Build.0 = Debug|Any CPU
		{B2CE24B7-FC5D-49AC-806F-1D88F78A31E9}.Release with FxCop|Any CPU.ActiveCfg = Release|Any CPU
		{B2CE24B7-FC5D-49AC-806F-1D88F78A31E9}.Release with FxCop|Any CPU.Build.0 = Release|Any CPU
		{B2CE24B7-FC5D-49AC-806F-1D88F78A31E9}.Release with FxCop|Mixed Platforms.ActiveCfg = Release|Any CPU
		{B2CE24B7-FC5D-49AC-806F-1D88F78A31E9}.Release with FxCop|Mixed Platforms.Build.0 = Release|Any CPU
		{B2CE24B7-FC5D-49AC-806F-1D88F78A31E9}.Release with FxCop|Win32.ActiveCfg = Release|Any CPU
		{B2CE24B7-FC5D-49AC-806F-1D88F78A31E9}.Release with FxCop|Win32.Build.0 = Release|Any CPU
		{B2CE24B7-FC5D-49AC-806F-1D88F78A31E9}.Release with FxCop|x64.ActiveCfg = Release|Any CPU
		{B2CE24B7-FC5D-49AC-806F-1D88F78A31E9}.Release with FxCop|x64.Build.0 = Release|Any CPU
		{B2CE24B7-FC5D-49AC-806F-1D88F78A31E9}.Release|Any CPU.ActiveCfg = Release|Any CPU
		{B2CE24B7-FC5D-49AC-806F-1D88F78A31E9}.Release|Any CPU.Build.0 = Release|Any CPU
		{B2CE24B7-FC5D-49AC-806F-1D88F78A31E9}.Release|Mixed Platforms.ActiveCfg = Release|Any CPU
		{B2CE24B7-FC5D-49AC-806F-1D88F78A31E9}.Release|Mixed Platforms.Build.0 = Release|Any CPU
		{B2CE24B7-FC5D-49AC-806F-1D88F78A31E9}.Release|Win32.ActiveCfg = Release|Any CPU
		{B2CE24B7-FC5D-49AC-806F-1D88F78A31E9}.Release|x64.ActiveCfg = Release|Any CPU
		{B2CE24B7-FC5D-49AC-806F-1D88F78A31E9}.Release|x64.Build.0 = Release|Any CPU
		{F3C863EC-33F4-4ED2-9D67-00BF3EEEAB64}.Debug with FxCop|Any CPU.ActiveCfg = Debug|Any CPU
		{F3C863EC-33F4-4ED2-9D67-00BF3EEEAB64}.Debug with FxCop|Any CPU.Build.0 = Debug|Any CPU
		{F3C863EC-33F4-4ED2-9D67-00BF3EEEAB64}.Debug with FxCop|Mixed Platforms.ActiveCfg = Debug|x64
		{F3C863EC-33F4-4ED2-9D67-00BF3EEEAB64}.Debug with FxCop|Mixed Platforms.Build.0 = Debug|x64
		{F3C863EC-33F4-4ED2-9D67-00BF3EEEAB64}.Debug with FxCop|Win32.ActiveCfg = Debug|Any CPU
		{F3C863EC-33F4-4ED2-9D67-00BF3EEEAB64}.Debug with FxCop|Win32.Build.0 = Debug|Any CPU
		{F3C863EC-33F4-4ED2-9D67-00BF3EEEAB64}.Debug with FxCop|x64.ActiveCfg = Debug|x64
		{F3C863EC-33F4-4ED2-9D67-00BF3EEEAB64}.Debug with FxCop|x64.Build.0 = Debug|x64
		{F3C863EC-33F4-4ED2-9D67-00BF3EEEAB64}.Debug|Any CPU.ActiveCfg = Debug|Any CPU
		{F3C863EC-33F4-4ED2-9D67-00BF3EEEAB64}.Debug|Any CPU.Build.0 = Debug|Any CPU
		{F3C863EC-33F4-4ED2-9D67-00BF3EEEAB64}.Debug|Mixed Platforms.ActiveCfg = Debug|Any CPU
		{F3C863EC-33F4-4ED2-9D67-00BF3EEEAB64}.Debug|Mixed Platforms.Build.0 = Debug|Any CPU
		{F3C863EC-33F4-4ED2-9D67-00BF3EEEAB64}.Debug|Win32.ActiveCfg = Debug|Any CPU
		{F3C863EC-33F4-4ED2-9D67-00BF3EEEAB64}.Debug|x64.ActiveCfg = Debug|x64
		{F3C863EC-33F4-4ED2-9D67-00BF3EEEAB64}.Debug|x64.Build.0 = Debug|x64
		{F3C863EC-33F4-4ED2-9D67-00BF3EEEAB64}.Release with FxCop|Any CPU.ActiveCfg = Release|Any CPU
		{F3C863EC-33F4-4ED2-9D67-00BF3EEEAB64}.Release with FxCop|Any CPU.Build.0 = Release|Any CPU
		{F3C863EC-33F4-4ED2-9D67-00BF3EEEAB64}.Release with FxCop|Mixed Platforms.ActiveCfg = Release|x64
		{F3C863EC-33F4-4ED2-9D67-00BF3EEEAB64}.Release with FxCop|Mixed Platforms.Build.0 = Release|x64
		{F3C863EC-33F4-4ED2-9D67-00BF3EEEAB64}.Release with FxCop|Win32.ActiveCfg = Release|Any CPU
		{F3C863EC-33F4-4ED2-9D67-00BF3EEEAB64}.Release with FxCop|Win32.Build.0 = Release|Any CPU
		{F3C863EC-33F4-4ED2-9D67-00BF3EEEAB64}.Release with FxCop|x64.ActiveCfg = Release|x64
		{F3C863EC-33F4-4ED2-9D67-00BF3EEEAB64}.Release with FxCop|x64.Build.0 = Release|x64
		{F3C863EC-33F4-4ED2-9D67-00BF3EEEAB64}.Release|Any CPU.ActiveCfg = Release|Any CPU
		{F3C863EC-33F4-4ED2-9D67-00BF3EEEAB64}.Release|Any CPU.Build.0 = Release|Any CPU
		{F3C863EC-33F4-4ED2-9D67-00BF3EEEAB64}.Release|Mixed Platforms.ActiveCfg = Release|Any CPU
		{F3C863EC-33F4-4ED2-9D67-00BF3EEEAB64}.Release|Mixed Platforms.Build.0 = Release|Any CPU
		{F3C863EC-33F4-4ED2-9D67-00BF3EEEAB64}.Release|Win32.ActiveCfg = Release|Any CPU
		{F3C863EC-33F4-4ED2-9D67-00BF3EEEAB64}.Release|x64.ActiveCfg = Release|x64
		{F3C863EC-33F4-4ED2-9D67-00BF3EEEAB64}.Release|x64.Build.0 = Release|x64
		{446B1E21-65A1-4F56-AA2C-D2E24058B2B8}.Debug with FxCop|Any CPU.ActiveCfg = Debug with FxCop|x64
		{446B1E21-65A1-4F56-AA2C-D2E24058B2B8}.Debug with FxCop|Any CPU.Build.0 = Debug with FxCop|x64
		{446B1E21-65A1-4F56-AA2C-D2E24058B2B8}.Debug with FxCop|Mixed Platforms.ActiveCfg = Debug with FxCop|x64
		{446B1E21-65A1-4F56-AA2C-D2E24058B2B8}.Debug with FxCop|Mixed Platforms.Build.0 = Debug with FxCop|x64
		{446B1E21-65A1-4F56-AA2C-D2E24058B2B8}.Debug with FxCop|Win32.ActiveCfg = Debug with FxCop|Win32
		{446B1E21-65A1-4F56-AA2C-D2E24058B2B8}.Debug with FxCop|Win32.Build.0 = Debug with FxCop|Win32
		{446B1E21-65A1-4F56-AA2C-D2E24058B2B8}.Debug with FxCop|x64.ActiveCfg = Debug with FxCop|x64
		{446B1E21-65A1-4F56-AA2C-D2E24058B2B8}.Debug with FxCop|x64.Build.0 = Debug with FxCop|x64
		{446B1E21-65A1-4F56-AA2C-D2E24058B2B8}.Debug|Any CPU.ActiveCfg = Debug|x64
		{446B1E21-65A1-4F56-AA2C-D2E24058B2B8}.Debug|Any CPU.Build.0 = Debug|x64
		{446B1E21-65A1-4F56-AA2C-D2E24058B2B8}.Debug|Mixed Platforms.ActiveCfg = Debug|x64
		{446B1E21-65A1-4F56-AA2C-D2E24058B2B8}.Debug|Mixed Platforms.Build.0 = Debug|x64
		{446B1E21-65A1-4F56-AA2C-D2E24058B2B8}.Debug|Win32.ActiveCfg = Debug|Win32
		{446B1E21-65A1-4F56-AA2C-D2E24058B2B8}.Debug|Win32.Build.0 = Debug|Win32
		{446B1E21-65A1-4F56-AA2C-D2E24058B2B8}.Debug|x64.ActiveCfg = Debug|x64
		{446B1E21-65A1-4F56-AA2C-D2E24058B2B8}.Debug|x64.Build.0 = Debug|x64
		{446B1E21-65A1-4F56-AA2C-D2E24058B2B8}.Release with FxCop|Any CPU.ActiveCfg = Release with FxCop|x64
		{446B1E21-65A1-4F56-AA2C-D2E24058B2B8}.Release with FxCop|Any CPU.Build.0 = Release with FxCop|x64
		{446B1E21-65A1-4F56-AA2C-D2E24058B2B8}.Release with FxCop|Mixed Platforms.ActiveCfg = Release with FxCop|x64
		{446B1E21-65A1-4F56-AA2C-D2E24058B2B8}.Release with FxCop|Mixed Platforms.Build.0 = Release with FxCop|x64
		{446B1E21-65A1-4F56-AA2C-D2E24058B2B8}.Release with FxCop|Win32.ActiveCfg = Release with FxCop|Win32
		{446B1E21-65A1-4F56-AA2C-D2E24058B2B8}.Release with FxCop|Win32.Build.0 = Release with FxCop|Win32
		{446B1E21-65A1-4F56-AA2C-D2E24058B2B8}.Release with FxCop|x64.ActiveCfg = Release with FxCop|x64
		{446B1E21-65A1-4F56-AA2C-D2E24058B2B8}.Release with FxCop|x64.Build.0 = Release with FxCop|x64
		{446B1E21-65A1-4F56-AA2C-D2E24058B2B8}.Release|Any CPU.ActiveCfg = Release|x64
		{446B1E21-65A1-4F56-AA2C-D2E24058B2B8}.Release|Any CPU.Build.0 = Release|x64
		{446B1E21-65A1-4F56-AA2C-D2E24058B2B8}.Release|Mixed Platforms.ActiveCfg = Release|x64
		{446B1E21-65A1-4F56-AA2C-D2E24058B2B8}.Release|Mixed Platforms.Build.0 = Release|x64
		{446B1E21-65A1-4F56-AA2C-D2E24058B2B8}.Release|Win32.ActiveCfg = Release|Win32
		{446B1E21-65A1-4F56-AA2C-D2E24058B2B8}.Release|Win32.Build.0 = Release|Win32
		{446B1E21-65A1-4F56-AA2C-D2E24058B2B8}.Release|x64.ActiveCfg = Release|x64
		{446B1E21-65A1-4F56-AA2C-D2E24058B2B8}.Release|x64.Build.0 = Release|x64
	EndGlobalSection
	GlobalSection(SolutionProperties) = preSolution
		HideSolutionNode = FALSE
	EndGlobalSection
	GlobalSection(ExtensibilityGlobals) = postSolution
		SolutionGuid = {C1027DE5-0F4C-4453-B37A-A6CCA65AC6CF}
	EndGlobalSection
EndGlobal
